// !$*UTF8*$!
{
	archiveVersion = 1;
	classes = {
	};
	objectVersion = 46;
	objects = {

/* Begin PBXBuildFile section */
		D20EFED6225F5DD400E41B91 /* NSLayoutConstraintTests.swift in Sources */ = {isa = PBXBuildFile; fileRef = D20EFED5225F5DD400E41B91 /* NSLayoutConstraintTests.swift */; };
		D20EFED7225F606400E41B91 /* SequenceTests.swift in Sources */ = {isa = PBXBuildFile; fileRef = D28524471FCB697300CB232A /* SequenceTests.swift */; };
		D20EFED9225F63EA00E41B91 /* Double.swift in Sources */ = {isa = PBXBuildFile; fileRef = D20EFED8225F63EA00E41B91 /* Double.swift */; };
		D20EFEDA225F63EA00E41B91 /* Double.swift in Sources */ = {isa = PBXBuildFile; fileRef = D20EFED8225F63EA00E41B91 /* Double.swift */; };
		D20EFEDB225F63EA00E41B91 /* Double.swift in Sources */ = {isa = PBXBuildFile; fileRef = D20EFED8225F63EA00E41B91 /* Double.swift */; };
		D20EFEDC225F63EA00E41B91 /* Double.swift in Sources */ = {isa = PBXBuildFile; fileRef = D20EFED8225F63EA00E41B91 /* Double.swift */; };
		D20EFEDE225F651100E41B91 /* DoubleTests.swift in Sources */ = {isa = PBXBuildFile; fileRef = D20EFEDD225F651100E41B91 /* DoubleTests.swift */; };
		D20EFEDF225F651100E41B91 /* DoubleTests.swift in Sources */ = {isa = PBXBuildFile; fileRef = D20EFEDD225F651100E41B91 /* DoubleTests.swift */; };
		D20EFEE0225F651100E41B91 /* DoubleTests.swift in Sources */ = {isa = PBXBuildFile; fileRef = D20EFEDD225F651100E41B91 /* DoubleTests.swift */; };
		D20EFEE2225F66F500E41B91 /* Once.swift in Sources */ = {isa = PBXBuildFile; fileRef = D20EFEE1225F66F500E41B91 /* Once.swift */; };
		D20EFEE3225F66F500E41B91 /* Once.swift in Sources */ = {isa = PBXBuildFile; fileRef = D20EFEE1225F66F500E41B91 /* Once.swift */; };
		D20EFEE4225F66F500E41B91 /* Once.swift in Sources */ = {isa = PBXBuildFile; fileRef = D20EFEE1225F66F500E41B91 /* Once.swift */; };
		D20EFEE5225F66F500E41B91 /* Once.swift in Sources */ = {isa = PBXBuildFile; fileRef = D20EFEE1225F66F500E41B91 /* Once.swift */; };
		D20EFEE7225F671200E41B91 /* OnceTests.swift in Sources */ = {isa = PBXBuildFile; fileRef = D20EFEE6225F671200E41B91 /* OnceTests.swift */; };
		D20EFEE8225F671200E41B91 /* OnceTests.swift in Sources */ = {isa = PBXBuildFile; fileRef = D20EFEE6225F671200E41B91 /* OnceTests.swift */; };
		D20EFEE9225F671200E41B91 /* OnceTests.swift in Sources */ = {isa = PBXBuildFile; fileRef = D20EFEE6225F671200E41B91 /* OnceTests.swift */; };
		D20EFEEB225F675C00E41B91 /* Date.swift in Sources */ = {isa = PBXBuildFile; fileRef = D20EFEEA225F675C00E41B91 /* Date.swift */; };
		D20EFEEC225F675C00E41B91 /* Date.swift in Sources */ = {isa = PBXBuildFile; fileRef = D20EFEEA225F675C00E41B91 /* Date.swift */; };
		D20EFEED225F675C00E41B91 /* Date.swift in Sources */ = {isa = PBXBuildFile; fileRef = D20EFEEA225F675C00E41B91 /* Date.swift */; };
		D20EFEEE225F675C00E41B91 /* Date.swift in Sources */ = {isa = PBXBuildFile; fileRef = D20EFEEA225F675C00E41B91 /* Date.swift */; };
		D20EFEF0225F68F900E41B91 /* DateTests.swift in Sources */ = {isa = PBXBuildFile; fileRef = D20EFEEF225F68F900E41B91 /* DateTests.swift */; };
		D20EFEF1225F68F900E41B91 /* DateTests.swift in Sources */ = {isa = PBXBuildFile; fileRef = D20EFEEF225F68F900E41B91 /* DateTests.swift */; };
		D20EFEF2225F68F900E41B91 /* DateTests.swift in Sources */ = {isa = PBXBuildFile; fileRef = D20EFEEF225F68F900E41B91 /* DateTests.swift */; };
		D20EFEF4225F761400E41B91 /* UIFont.swift in Sources */ = {isa = PBXBuildFile; fileRef = D20EFEF3225F761400E41B91 /* UIFont.swift */; };
		D20F91D522609DC4000C567D /* Codable.swift in Sources */ = {isa = PBXBuildFile; fileRef = D20F91D422609DC4000C567D /* Codable.swift */; };
		D20F91D622609E2E000C567D /* Codable.swift in Sources */ = {isa = PBXBuildFile; fileRef = D20F91D422609DC4000C567D /* Codable.swift */; };
		D20F91D722609E2F000C567D /* Codable.swift in Sources */ = {isa = PBXBuildFile; fileRef = D20F91D422609DC4000C567D /* Codable.swift */; };
		D20F91D822609E2F000C567D /* Codable.swift in Sources */ = {isa = PBXBuildFile; fileRef = D20F91D422609DC4000C567D /* Codable.swift */; };
		D20F91DA22609F26000C567D /* CodableTests.swift in Sources */ = {isa = PBXBuildFile; fileRef = D20F91D922609F26000C567D /* CodableTests.swift */; };
		D20F91DB22609F26000C567D /* CodableTests.swift in Sources */ = {isa = PBXBuildFile; fileRef = D20F91D922609F26000C567D /* CodableTests.swift */; };
		D20F91DC22609F26000C567D /* CodableTests.swift in Sources */ = {isa = PBXBuildFile; fileRef = D20F91D922609F26000C567D /* CodableTests.swift */; };
		D22CB3111FCB658800B8270B /* Optional.swift in Sources */ = {isa = PBXBuildFile; fileRef = D22CB3101FCB658800B8270B /* Optional.swift */; };
		D22CB3121FCB658800B8270B /* Optional.swift in Sources */ = {isa = PBXBuildFile; fileRef = D22CB3101FCB658800B8270B /* Optional.swift */; };
		D22CB3131FCB658800B8270B /* Optional.swift in Sources */ = {isa = PBXBuildFile; fileRef = D22CB3101FCB658800B8270B /* Optional.swift */; };
		D22CB3141FCB658800B8270B /* Optional.swift in Sources */ = {isa = PBXBuildFile; fileRef = D22CB3101FCB658800B8270B /* Optional.swift */; };
		D23FAD60225DE0460063F386 /* NSLayoutConstraint.swift in Sources */ = {isa = PBXBuildFile; fileRef = D23FAD5F225DE0460063F386 /* NSLayoutConstraint.swift */; };
		D2400CF21FCE08BB00816458 /* Comparable.swift in Sources */ = {isa = PBXBuildFile; fileRef = D2400CF11FCE08BB00816458 /* Comparable.swift */; };
		D2400CF31FCE08BB00816458 /* Comparable.swift in Sources */ = {isa = PBXBuildFile; fileRef = D2400CF11FCE08BB00816458 /* Comparable.swift */; };
		D2400CF41FCE08BB00816458 /* Comparable.swift in Sources */ = {isa = PBXBuildFile; fileRef = D2400CF11FCE08BB00816458 /* Comparable.swift */; };
		D2400CF51FCE08BB00816458 /* Comparable.swift in Sources */ = {isa = PBXBuildFile; fileRef = D2400CF11FCE08BB00816458 /* Comparable.swift */; };
		D2400CF71FCE090B00816458 /* ComparableTests.swift in Sources */ = {isa = PBXBuildFile; fileRef = D2400CF61FCE090B00816458 /* ComparableTests.swift */; };
		D2400CF81FCE090B00816458 /* ComparableTests.swift in Sources */ = {isa = PBXBuildFile; fileRef = D2400CF61FCE090B00816458 /* ComparableTests.swift */; };
		D2400CF91FCE090B00816458 /* ComparableTests.swift in Sources */ = {isa = PBXBuildFile; fileRef = D2400CF61FCE090B00816458 /* ComparableTests.swift */; };
		D2400D031FCE0D9C00816458 /* Bundle.swift in Sources */ = {isa = PBXBuildFile; fileRef = D2400D021FCE0D9C00816458 /* Bundle.swift */; };
		D2400D041FCE0D9C00816458 /* Bundle.swift in Sources */ = {isa = PBXBuildFile; fileRef = D2400D021FCE0D9C00816458 /* Bundle.swift */; };
		D2400D051FCE0D9C00816458 /* Bundle.swift in Sources */ = {isa = PBXBuildFile; fileRef = D2400D021FCE0D9C00816458 /* Bundle.swift */; };
		D2400D061FCE0D9C00816458 /* Bundle.swift in Sources */ = {isa = PBXBuildFile; fileRef = D2400D021FCE0D9C00816458 /* Bundle.swift */; };
		D2400D081FCE0E0F00816458 /* BundleTests.swift in Sources */ = {isa = PBXBuildFile; fileRef = D2400D071FCE0E0F00816458 /* BundleTests.swift */; };
		D2400D091FCE0E0F00816458 /* BundleTests.swift in Sources */ = {isa = PBXBuildFile; fileRef = D2400D071FCE0E0F00816458 /* BundleTests.swift */; };
		D2400D0A1FCE0E0F00816458 /* BundleTests.swift in Sources */ = {isa = PBXBuildFile; fileRef = D2400D071FCE0E0F00816458 /* BundleTests.swift */; };
		D24012A01FCC7ED800B2C5F2 /* UITableView.swift in Sources */ = {isa = PBXBuildFile; fileRef = D240129F1FCC7ED800B2C5F2 /* UITableView.swift */; };
		D24012A11FCC7ED800B2C5F2 /* UITableView.swift in Sources */ = {isa = PBXBuildFile; fileRef = D240129F1FCC7ED800B2C5F2 /* UITableView.swift */; };
		D24012A31FCC7EE100B2C5F2 /* UICollectionView.swift in Sources */ = {isa = PBXBuildFile; fileRef = D24012A21FCC7EE100B2C5F2 /* UICollectionView.swift */; };
		D24012A41FCC7EE100B2C5F2 /* UICollectionView.swift in Sources */ = {isa = PBXBuildFile; fileRef = D24012A21FCC7EE100B2C5F2 /* UICollectionView.swift */; };
		D240E12A1FC9AE68000AB5AB /* UIViewController.swift in Sources */ = {isa = PBXBuildFile; fileRef = D240E1291FC9AE68000AB5AB /* UIViewController.swift */; };
		D240E12B1FC9AE68000AB5AB /* UIViewController.swift in Sources */ = {isa = PBXBuildFile; fileRef = D240E1291FC9AE68000AB5AB /* UIViewController.swift */; };
		D240E12D1FC9B590000AB5AB /* UIColor.swift in Sources */ = {isa = PBXBuildFile; fileRef = D240E12C1FC9B590000AB5AB /* UIColor.swift */; };
		D240E12E1FC9B590000AB5AB /* UIColor.swift in Sources */ = {isa = PBXBuildFile; fileRef = D240E12C1FC9B590000AB5AB /* UIColor.swift */; };
		D25570A61FEBDFD400AA443F /* NSColor.swift in Sources */ = {isa = PBXBuildFile; fileRef = D25570A51FEBDFD400AA443F /* NSColor.swift */; };
		D25570A81FEBDFEB00AA443F /* NSView.swift in Sources */ = {isa = PBXBuildFile; fileRef = D25570A71FEBDFEB00AA443F /* NSView.swift */; };
		D284B0F61F79024300D94AF3 /* macOS.swift in Sources */ = {isa = PBXBuildFile; fileRef = D284B0F51F79024300D94AF3 /* macOS.swift */; };
		D284B1051F79038B00D94AF3 /* Omnia.framework in Frameworks */ = {isa = PBXBuildFile; fileRef = D284B0FC1F79038B00D94AF3 /* Omnia.framework */; };
		D284B1231F79041C00D94AF3 /* tvOS.swift in Sources */ = {isa = PBXBuildFile; fileRef = D284B1221F79041C00D94AF3 /* tvOS.swift */; };
		D284B1251F79042800D94AF3 /* watchOS.swift in Sources */ = {isa = PBXBuildFile; fileRef = D284B1241F79042800D94AF3 /* watchOS.swift */; };
		D284B1381F7906DB00D94AF3 /* Info-iOS-Tests.plist in Resources */ = {isa = PBXBuildFile; fileRef = D284B12F1F7906DA00D94AF3 /* Info-iOS-Tests.plist */; };
		D284B1391F7906DB00D94AF3 /* Info-tvOS-Tests.plist in Resources */ = {isa = PBXBuildFile; fileRef = D284B1301F7906DA00D94AF3 /* Info-tvOS-Tests.plist */; };
		D284B13B1F7906DB00D94AF3 /* Info-macOS-Tests.plist in Resources */ = {isa = PBXBuildFile; fileRef = D284B1331F7906DA00D94AF3 /* Info-macOS-Tests.plist */; };
		D284B13E1F7907AD00D94AF3 /* tvOSTests.swift in Sources */ = {isa = PBXBuildFile; fileRef = D284B13D1F7907AD00D94AF3 /* tvOSTests.swift */; };
		D284B1441F7908B100D94AF3 /* SharedTests.swift in Sources */ = {isa = PBXBuildFile; fileRef = D284B1321F7906DA00D94AF3 /* SharedTests.swift */; };
		D284B1451F7908B200D94AF3 /* SharedTests.swift in Sources */ = {isa = PBXBuildFile; fileRef = D284B1321F7906DA00D94AF3 /* SharedTests.swift */; };
		D284B1461F7908B300D94AF3 /* SharedTests.swift in Sources */ = {isa = PBXBuildFile; fileRef = D284B1321F7906DA00D94AF3 /* SharedTests.swift */; };
		D284B1471F7908B800D94AF3 /* UIViewControllerTests.swift in Sources */ = {isa = PBXBuildFile; fileRef = D284B1361F7906DA00D94AF3 /* UIViewControllerTests.swift */; };
		D284B1481F7908BB00D94AF3 /* macOSTests.swift in Sources */ = {isa = PBXBuildFile; fileRef = D284B12E1F7906DA00D94AF3 /* macOSTests.swift */; };
		D284B1491F790CA200D94AF3 /* Shared.swift in Sources */ = {isa = PBXBuildFile; fileRef = D5C629861C3A89A8007F7B7C /* Shared.swift */; };
		D284B14A1F790CA200D94AF3 /* Shared.swift in Sources */ = {isa = PBXBuildFile; fileRef = D5C629861C3A89A8007F7B7C /* Shared.swift */; };
		D28524361FCB670300CB232A /* OptionalTests.swift in Sources */ = {isa = PBXBuildFile; fileRef = D28524341FCB66DB00CB232A /* OptionalTests.swift */; };
		D28524371FCB670400CB232A /* OptionalTests.swift in Sources */ = {isa = PBXBuildFile; fileRef = D28524341FCB66DB00CB232A /* OptionalTests.swift */; };
		D28524381FCB670500CB232A /* OptionalTests.swift in Sources */ = {isa = PBXBuildFile; fileRef = D28524341FCB66DB00CB232A /* OptionalTests.swift */; };
		D285243A1FCB67BC00CB232A /* Data.swift in Sources */ = {isa = PBXBuildFile; fileRef = D28524391FCB67BC00CB232A /* Data.swift */; };
		D285243B1FCB67BC00CB232A /* Data.swift in Sources */ = {isa = PBXBuildFile; fileRef = D28524391FCB67BC00CB232A /* Data.swift */; };
		D285243C1FCB67BC00CB232A /* Data.swift in Sources */ = {isa = PBXBuildFile; fileRef = D28524391FCB67BC00CB232A /* Data.swift */; };
		D285243D1FCB67BC00CB232A /* Data.swift in Sources */ = {isa = PBXBuildFile; fileRef = D28524391FCB67BC00CB232A /* Data.swift */; };
		D285243F1FCB682C00CB232A /* DataTests.swift in Sources */ = {isa = PBXBuildFile; fileRef = D285243E1FCB682C00CB232A /* DataTests.swift */; };
		D28524401FCB682C00CB232A /* DataTests.swift in Sources */ = {isa = PBXBuildFile; fileRef = D285243E1FCB682C00CB232A /* DataTests.swift */; };
		D28524411FCB682C00CB232A /* DataTests.swift in Sources */ = {isa = PBXBuildFile; fileRef = D285243E1FCB682C00CB232A /* DataTests.swift */; };
		D28524431FCB688600CB232A /* Sequence.swift in Sources */ = {isa = PBXBuildFile; fileRef = D28524421FCB688600CB232A /* Sequence.swift */; };
		D28524441FCB688600CB232A /* Sequence.swift in Sources */ = {isa = PBXBuildFile; fileRef = D28524421FCB688600CB232A /* Sequence.swift */; };
		D28524451FCB688600CB232A /* Sequence.swift in Sources */ = {isa = PBXBuildFile; fileRef = D28524421FCB688600CB232A /* Sequence.swift */; };
		D28524461FCB688600CB232A /* Sequence.swift in Sources */ = {isa = PBXBuildFile; fileRef = D28524421FCB688600CB232A /* Sequence.swift */; };
		D28524481FCB697300CB232A /* SequenceTests.swift in Sources */ = {isa = PBXBuildFile; fileRef = D28524471FCB697300CB232A /* SequenceTests.swift */; };
		D285244A1FCB697300CB232A /* SequenceTests.swift in Sources */ = {isa = PBXBuildFile; fileRef = D28524471FCB697300CB232A /* SequenceTests.swift */; };
		D285244C1FCB6A6D00CB232A /* String.swift in Sources */ = {isa = PBXBuildFile; fileRef = D285244B1FCB6A6D00CB232A /* String.swift */; };
		D285244D1FCB6A6D00CB232A /* String.swift in Sources */ = {isa = PBXBuildFile; fileRef = D285244B1FCB6A6D00CB232A /* String.swift */; };
		D285244E1FCB6A6D00CB232A /* String.swift in Sources */ = {isa = PBXBuildFile; fileRef = D285244B1FCB6A6D00CB232A /* String.swift */; };
		D285244F1FCB6A6D00CB232A /* String.swift in Sources */ = {isa = PBXBuildFile; fileRef = D285244B1FCB6A6D00CB232A /* String.swift */; };
		D28524511FCB6B1000CB232A /* StringTests.swift in Sources */ = {isa = PBXBuildFile; fileRef = D28524501FCB6B1000CB232A /* StringTests.swift */; };
		D28524521FCB6B1000CB232A /* StringTests.swift in Sources */ = {isa = PBXBuildFile; fileRef = D28524501FCB6B1000CB232A /* StringTests.swift */; };
		D28524531FCB6B1000CB232A /* StringTests.swift in Sources */ = {isa = PBXBuildFile; fileRef = D28524501FCB6B1000CB232A /* StringTests.swift */; };
		D28524551FCB6CAF00CB232A /* UIScrollView.swift in Sources */ = {isa = PBXBuildFile; fileRef = D28524541FCB6CAF00CB232A /* UIScrollView.swift */; };
		D28524561FCB6CAF00CB232A /* UIScrollView.swift in Sources */ = {isa = PBXBuildFile; fileRef = D28524541FCB6CAF00CB232A /* UIScrollView.swift */; };
		D28524581FCB6D8800CB232A /* UIView.swift in Sources */ = {isa = PBXBuildFile; fileRef = D28524571FCB6D8800CB232A /* UIView.swift */; };
		D28524591FCB6D8800CB232A /* UIView.swift in Sources */ = {isa = PBXBuildFile; fileRef = D28524571FCB6D8800CB232A /* UIView.swift */; };
		D285245B1FCB6D9300CB232A /* UIImage.swift in Sources */ = {isa = PBXBuildFile; fileRef = D285245A1FCB6D9300CB232A /* UIImage.swift */; };
		D285245C1FCB6D9300CB232A /* UIImage.swift in Sources */ = {isa = PBXBuildFile; fileRef = D285245A1FCB6D9300CB232A /* UIImage.swift */; };
		D285245E1FCB6E3E00CB232A /* UIViewTests.swift in Sources */ = {isa = PBXBuildFile; fileRef = D285245D1FCB6E3E00CB232A /* UIViewTests.swift */; };
		D285245F1FCB6E3E00CB232A /* UIViewTests.swift in Sources */ = {isa = PBXBuildFile; fileRef = D285245D1FCB6E3E00CB232A /* UIViewTests.swift */; };
		D28524611FCB708700CB232A /* UIImageTests.swift in Sources */ = {isa = PBXBuildFile; fileRef = D28524601FCB708700CB232A /* UIImageTests.swift */; };
		D28524621FCB708700CB232A /* UIImageTests.swift in Sources */ = {isa = PBXBuildFile; fileRef = D28524601FCB708700CB232A /* UIImageTests.swift */; };
		D28524641FCB799A00CB232A /* UIColorTests.swift in Sources */ = {isa = PBXBuildFile; fileRef = D28524631FCB799A00CB232A /* UIColorTests.swift */; };
		D28524651FCB799A00CB232A /* UIColorTests.swift in Sources */ = {isa = PBXBuildFile; fileRef = D28524631FCB799A00CB232A /* UIColorTests.swift */; };
		D2A6D3701FD05DBA00982BB8 /* NSObject.swift in Sources */ = {isa = PBXBuildFile; fileRef = D2A6D36F1FD05DBA00982BB8 /* NSObject.swift */; };
		D2A6D3711FD05DBA00982BB8 /* NSObject.swift in Sources */ = {isa = PBXBuildFile; fileRef = D2A6D36F1FD05DBA00982BB8 /* NSObject.swift */; };
		D2A6D3721FD05DBA00982BB8 /* NSObject.swift in Sources */ = {isa = PBXBuildFile; fileRef = D2A6D36F1FD05DBA00982BB8 /* NSObject.swift */; };
		D2A6D3731FD05DBA00982BB8 /* NSObject.swift in Sources */ = {isa = PBXBuildFile; fileRef = D2A6D36F1FD05DBA00982BB8 /* NSObject.swift */; };
		D2A6D3751FD05FAE00982BB8 /* NSObjectTests.swift in Sources */ = {isa = PBXBuildFile; fileRef = D2A6D3741FD05FAE00982BB8 /* NSObjectTests.swift */; };
		D2A6D3771FD05FAE00982BB8 /* NSObjectTests.swift in Sources */ = {isa = PBXBuildFile; fileRef = D2A6D3741FD05FAE00982BB8 /* NSObjectTests.swift */; };
		D5B2E8AA1C3A780C00C0327D /* Omnia.framework in Frameworks */ = {isa = PBXBuildFile; fileRef = D5B2E89F1C3A780C00C0327D /* Omnia.framework */; };
		D5C6294A1C3A7FAA007F7B7C /* Omnia.framework in Frameworks */ = {isa = PBXBuildFile; fileRef = D5C629401C3A7FAA007F7B7C /* Omnia.framework */; };
		D5C629831C3A892A007F7B7C /* iOS.swift in Sources */ = {isa = PBXBuildFile; fileRef = D5C629821C3A892A007F7B7C /* iOS.swift */; };
		D5C629871C3A89A8007F7B7C /* Shared.swift in Sources */ = {isa = PBXBuildFile; fileRef = D5C629861C3A89A8007F7B7C /* Shared.swift */; };
		D5C629881C3A89A8007F7B7C /* Shared.swift in Sources */ = {isa = PBXBuildFile; fileRef = D5C629861C3A89A8007F7B7C /* Shared.swift */; };
/* End PBXBuildFile section */

/* Begin PBXContainerItemProxy section */
		D284B1061F79038B00D94AF3 /* PBXContainerItemProxy */ = {
			isa = PBXContainerItemProxy;
			containerPortal = D5B2E8961C3A780C00C0327D /* Project object */;
			proxyType = 1;
			remoteGlobalIDString = D284B0FB1F79038B00D94AF3;
			remoteInfo = "Omnia-tvOS";
		};
		D5B2E8AB1C3A780C00C0327D /* PBXContainerItemProxy */ = {
			isa = PBXContainerItemProxy;
			containerPortal = D5B2E8961C3A780C00C0327D /* Project object */;
			proxyType = 1;
			remoteGlobalIDString = D5B2E89E1C3A780C00C0327D;
			remoteInfo = Omnia;
		};
		D5C6294B1C3A7FAA007F7B7C /* PBXContainerItemProxy */ = {
			isa = PBXContainerItemProxy;
			containerPortal = D5B2E8961C3A780C00C0327D /* Project object */;
			proxyType = 1;
			remoteGlobalIDString = D5C6293F1C3A7FAA007F7B7C;
			remoteInfo = "Omnia-Mac";
		};
/* End PBXContainerItemProxy section */

/* Begin PBXFileReference section */
		D20EFED5225F5DD400E41B91 /* NSLayoutConstraintTests.swift */ = {isa = PBXFileReference; lastKnownFileType = sourcecode.swift; path = NSLayoutConstraintTests.swift; sourceTree = "<group>"; };
		D20EFED8225F63EA00E41B91 /* Double.swift */ = {isa = PBXFileReference; lastKnownFileType = sourcecode.swift; path = Double.swift; sourceTree = "<group>"; };
		D20EFEDD225F651100E41B91 /* DoubleTests.swift */ = {isa = PBXFileReference; lastKnownFileType = sourcecode.swift; path = DoubleTests.swift; sourceTree = "<group>"; };
		D20EFEE1225F66F500E41B91 /* Once.swift */ = {isa = PBXFileReference; lastKnownFileType = sourcecode.swift; path = Once.swift; sourceTree = "<group>"; };
		D20EFEE6225F671200E41B91 /* OnceTests.swift */ = {isa = PBXFileReference; lastKnownFileType = sourcecode.swift; path = OnceTests.swift; sourceTree = "<group>"; };
		D20EFEEA225F675C00E41B91 /* Date.swift */ = {isa = PBXFileReference; lastKnownFileType = sourcecode.swift; path = Date.swift; sourceTree = "<group>"; };
		D20EFEEF225F68F900E41B91 /* DateTests.swift */ = {isa = PBXFileReference; lastKnownFileType = sourcecode.swift; path = DateTests.swift; sourceTree = "<group>"; };
		D20EFEF3225F761400E41B91 /* UIFont.swift */ = {isa = PBXFileReference; lastKnownFileType = sourcecode.swift; path = UIFont.swift; sourceTree = "<group>"; };
		D20F91D422609DC4000C567D /* Codable.swift */ = {isa = PBXFileReference; lastKnownFileType = sourcecode.swift; path = Codable.swift; sourceTree = "<group>"; };
		D20F91D922609F26000C567D /* CodableTests.swift */ = {isa = PBXFileReference; lastKnownFileType = sourcecode.swift; path = CodableTests.swift; sourceTree = "<group>"; };
		D20F91DD2260A68A000C567D /* README.md */ = {isa = PBXFileReference; lastKnownFileType = net.daringfireball.markdown; path = README.md; sourceTree = "<group>"; };
		D20F91DE2260A750000C567D /* Omnia.podspec */ = {isa = PBXFileReference; lastKnownFileType = text; path = Omnia.podspec; sourceTree = "<group>"; };
		D22CB3101FCB658800B8270B /* Optional.swift */ = {isa = PBXFileReference; lastKnownFileType = sourcecode.swift; path = Optional.swift; sourceTree = "<group>"; };
		D23FAD5F225DE0460063F386 /* NSLayoutConstraint.swift */ = {isa = PBXFileReference; lastKnownFileType = sourcecode.swift; path = NSLayoutConstraint.swift; sourceTree = "<group>"; };
		D2400CF11FCE08BB00816458 /* Comparable.swift */ = {isa = PBXFileReference; lastKnownFileType = sourcecode.swift; path = Comparable.swift; sourceTree = "<group>"; };
		D2400CF61FCE090B00816458 /* ComparableTests.swift */ = {isa = PBXFileReference; lastKnownFileType = sourcecode.swift; path = ComparableTests.swift; sourceTree = "<group>"; };
		D2400D021FCE0D9C00816458 /* Bundle.swift */ = {isa = PBXFileReference; lastKnownFileType = sourcecode.swift; path = Bundle.swift; sourceTree = "<group>"; };
		D2400D071FCE0E0F00816458 /* BundleTests.swift */ = {isa = PBXFileReference; lastKnownFileType = sourcecode.swift; path = BundleTests.swift; sourceTree = "<group>"; };
		D240129F1FCC7ED800B2C5F2 /* UITableView.swift */ = {isa = PBXFileReference; lastKnownFileType = sourcecode.swift; path = UITableView.swift; sourceTree = "<group>"; };
		D24012A21FCC7EE100B2C5F2 /* UICollectionView.swift */ = {isa = PBXFileReference; lastKnownFileType = sourcecode.swift; path = UICollectionView.swift; sourceTree = "<group>"; };
		D240E1291FC9AE68000AB5AB /* UIViewController.swift */ = {isa = PBXFileReference; lastKnownFileType = sourcecode.swift; path = UIViewController.swift; sourceTree = "<group>"; };
		D240E12C1FC9B590000AB5AB /* UIColor.swift */ = {isa = PBXFileReference; lastKnownFileType = sourcecode.swift; path = UIColor.swift; sourceTree = "<group>"; };
		D25570A51FEBDFD400AA443F /* NSColor.swift */ = {isa = PBXFileReference; lastKnownFileType = sourcecode.swift; path = NSColor.swift; sourceTree = "<group>"; };
		D25570A71FEBDFEB00AA443F /* NSView.swift */ = {isa = PBXFileReference; lastKnownFileType = sourcecode.swift; path = NSView.swift; sourceTree = "<group>"; };
		D284B0F51F79024300D94AF3 /* macOS.swift */ = {isa = PBXFileReference; fileEncoding = 4; lastKnownFileType = sourcecode.swift; path = macOS.swift; sourceTree = "<group>"; };
		D284B0FC1F79038B00D94AF3 /* Omnia.framework */ = {isa = PBXFileReference; explicitFileType = wrapper.framework; includeInIndex = 0; path = Omnia.framework; sourceTree = BUILT_PRODUCTS_DIR; };
		D284B1041F79038B00D94AF3 /* Omnia-tvOS-Tests.xctest */ = {isa = PBXFileReference; explicitFileType = wrapper.cfbundle; includeInIndex = 0; path = "Omnia-tvOS-Tests.xctest"; sourceTree = BUILT_PRODUCTS_DIR; };
		D284B1181F79039F00D94AF3 /* Omnia.framework */ = {isa = PBXFileReference; explicitFileType = wrapper.framework; includeInIndex = 0; path = Omnia.framework; sourceTree = BUILT_PRODUCTS_DIR; };
		D284B1221F79041C00D94AF3 /* tvOS.swift */ = {isa = PBXFileReference; lastKnownFileType = sourcecode.swift; path = tvOS.swift; sourceTree = "<group>"; };
		D284B1241F79042800D94AF3 /* watchOS.swift */ = {isa = PBXFileReference; lastKnownFileType = sourcecode.swift; path = watchOS.swift; sourceTree = "<group>"; };
		D284B12E1F7906DA00D94AF3 /* macOSTests.swift */ = {isa = PBXFileReference; fileEncoding = 4; lastKnownFileType = sourcecode.swift; path = macOSTests.swift; sourceTree = "<group>"; };
		D284B12F1F7906DA00D94AF3 /* Info-iOS-Tests.plist */ = {isa = PBXFileReference; fileEncoding = 4; lastKnownFileType = text.plist.xml; path = "Info-iOS-Tests.plist"; sourceTree = "<group>"; };
		D284B1301F7906DA00D94AF3 /* Info-tvOS-Tests.plist */ = {isa = PBXFileReference; fileEncoding = 4; lastKnownFileType = text.plist.xml; path = "Info-tvOS-Tests.plist"; sourceTree = "<group>"; };
		D284B1321F7906DA00D94AF3 /* SharedTests.swift */ = {isa = PBXFileReference; fileEncoding = 4; lastKnownFileType = sourcecode.swift; path = SharedTests.swift; sourceTree = "<group>"; };
		D284B1331F7906DA00D94AF3 /* Info-macOS-Tests.plist */ = {isa = PBXFileReference; fileEncoding = 4; lastKnownFileType = text.plist.xml; path = "Info-macOS-Tests.plist"; sourceTree = "<group>"; };
		D284B1361F7906DA00D94AF3 /* UIViewControllerTests.swift */ = {isa = PBXFileReference; fileEncoding = 4; lastKnownFileType = sourcecode.swift; path = UIViewControllerTests.swift; sourceTree = "<group>"; };
		D284B13D1F7907AD00D94AF3 /* tvOSTests.swift */ = {isa = PBXFileReference; lastKnownFileType = sourcecode.swift; path = tvOSTests.swift; sourceTree = "<group>"; };
		D284B1401F79081F00D94AF3 /* Info-iOS.plist */ = {isa = PBXFileReference; lastKnownFileType = text.plist.xml; path = "Info-iOS.plist"; sourceTree = "<group>"; };
		D284B1411F79081F00D94AF3 /* Info-macOS.plist */ = {isa = PBXFileReference; lastKnownFileType = text.plist.xml; path = "Info-macOS.plist"; sourceTree = "<group>"; };
		D284B1421F79081F00D94AF3 /* Info-tvOS.plist */ = {isa = PBXFileReference; lastKnownFileType = text.plist.xml; path = "Info-tvOS.plist"; sourceTree = "<group>"; };
		D284B1431F79081F00D94AF3 /* Info-watchOS.plist */ = {isa = PBXFileReference; lastKnownFileType = text.plist.xml; path = "Info-watchOS.plist"; sourceTree = "<group>"; };
		D28524341FCB66DB00CB232A /* OptionalTests.swift */ = {isa = PBXFileReference; lastKnownFileType = sourcecode.swift; path = OptionalTests.swift; sourceTree = "<group>"; };
		D28524391FCB67BC00CB232A /* Data.swift */ = {isa = PBXFileReference; lastKnownFileType = sourcecode.swift; path = Data.swift; sourceTree = "<group>"; };
		D285243E1FCB682C00CB232A /* DataTests.swift */ = {isa = PBXFileReference; lastKnownFileType = sourcecode.swift; path = DataTests.swift; sourceTree = "<group>"; };
		D28524421FCB688600CB232A /* Sequence.swift */ = {isa = PBXFileReference; lastKnownFileType = sourcecode.swift; path = Sequence.swift; sourceTree = "<group>"; };
		D28524471FCB697300CB232A /* SequenceTests.swift */ = {isa = PBXFileReference; lastKnownFileType = sourcecode.swift; path = SequenceTests.swift; sourceTree = "<group>"; };
		D285244B1FCB6A6D00CB232A /* String.swift */ = {isa = PBXFileReference; lastKnownFileType = sourcecode.swift; path = String.swift; sourceTree = "<group>"; };
		D28524501FCB6B1000CB232A /* StringTests.swift */ = {isa = PBXFileReference; lastKnownFileType = sourcecode.swift; path = StringTests.swift; sourceTree = "<group>"; };
		D28524541FCB6CAF00CB232A /* UIScrollView.swift */ = {isa = PBXFileReference; lastKnownFileType = sourcecode.swift; path = UIScrollView.swift; sourceTree = "<group>"; };
		D28524571FCB6D8800CB232A /* UIView.swift */ = {isa = PBXFileReference; lastKnownFileType = sourcecode.swift; path = UIView.swift; sourceTree = "<group>"; };
		D285245A1FCB6D9300CB232A /* UIImage.swift */ = {isa = PBXFileReference; lastKnownFileType = sourcecode.swift; path = UIImage.swift; sourceTree = "<group>"; };
		D285245D1FCB6E3E00CB232A /* UIViewTests.swift */ = {isa = PBXFileReference; lastKnownFileType = sourcecode.swift; path = UIViewTests.swift; sourceTree = "<group>"; };
		D28524601FCB708700CB232A /* UIImageTests.swift */ = {isa = PBXFileReference; lastKnownFileType = sourcecode.swift; path = UIImageTests.swift; sourceTree = "<group>"; };
		D28524631FCB799A00CB232A /* UIColorTests.swift */ = {isa = PBXFileReference; lastKnownFileType = sourcecode.swift; path = UIColorTests.swift; sourceTree = "<group>"; };
		D2A6D36F1FD05DBA00982BB8 /* NSObject.swift */ = {isa = PBXFileReference; lastKnownFileType = sourcecode.swift; path = NSObject.swift; sourceTree = "<group>"; };
		D2A6D3741FD05FAE00982BB8 /* NSObjectTests.swift */ = {isa = PBXFileReference; lastKnownFileType = sourcecode.swift; path = NSObjectTests.swift; sourceTree = "<group>"; };
		D5B2E89F1C3A780C00C0327D /* Omnia.framework */ = {isa = PBXFileReference; explicitFileType = wrapper.framework; includeInIndex = 0; path = Omnia.framework; sourceTree = BUILT_PRODUCTS_DIR; };
		D5B2E8A91C3A780C00C0327D /* Omnia-iOS-Tests.xctest */ = {isa = PBXFileReference; explicitFileType = wrapper.cfbundle; includeInIndex = 0; path = "Omnia-iOS-Tests.xctest"; sourceTree = BUILT_PRODUCTS_DIR; };
		D5C629401C3A7FAA007F7B7C /* Omnia.framework */ = {isa = PBXFileReference; explicitFileType = wrapper.framework; includeInIndex = 0; path = Omnia.framework; sourceTree = BUILT_PRODUCTS_DIR; };
		D5C629491C3A7FAA007F7B7C /* Omnia-macOS-Tests.xctest */ = {isa = PBXFileReference; explicitFileType = wrapper.cfbundle; includeInIndex = 0; path = "Omnia-macOS-Tests.xctest"; sourceTree = BUILT_PRODUCTS_DIR; };
		D5C629821C3A892A007F7B7C /* iOS.swift */ = {isa = PBXFileReference; fileEncoding = 4; lastKnownFileType = sourcecode.swift; path = iOS.swift; sourceTree = "<group>"; };
		D5C629861C3A89A8007F7B7C /* Shared.swift */ = {isa = PBXFileReference; fileEncoding = 4; lastKnownFileType = sourcecode.swift; path = Shared.swift; sourceTree = "<group>"; };
/* End PBXFileReference section */

/* Begin PBXFrameworksBuildPhase section */
		D284B0F81F79038B00D94AF3 /* Frameworks */ = {
			isa = PBXFrameworksBuildPhase;
			buildActionMask = 2147483647;
			files = (
			);
			runOnlyForDeploymentPostprocessing = 0;
		};
		D284B1011F79038B00D94AF3 /* Frameworks */ = {
			isa = PBXFrameworksBuildPhase;
			buildActionMask = 2147483647;
			files = (
				D284B1051F79038B00D94AF3 /* Omnia.framework in Frameworks */,
			);
			runOnlyForDeploymentPostprocessing = 0;
		};
		D284B1141F79039F00D94AF3 /* Frameworks */ = {
			isa = PBXFrameworksBuildPhase;
			buildActionMask = 2147483647;
			files = (
			);
			runOnlyForDeploymentPostprocessing = 0;
		};
		D5B2E89B1C3A780C00C0327D /* Frameworks */ = {
			isa = PBXFrameworksBuildPhase;
			buildActionMask = 2147483647;
			files = (
			);
			runOnlyForDeploymentPostprocessing = 0;
		};
		D5B2E8A61C3A780C00C0327D /* Frameworks */ = {
			isa = PBXFrameworksBuildPhase;
			buildActionMask = 2147483647;
			files = (
				D5B2E8AA1C3A780C00C0327D /* Omnia.framework in Frameworks */,
			);
			runOnlyForDeploymentPostprocessing = 0;
		};
		D5C6293C1C3A7FAA007F7B7C /* Frameworks */ = {
			isa = PBXFrameworksBuildPhase;
			buildActionMask = 2147483647;
			files = (
			);
			runOnlyForDeploymentPostprocessing = 0;
		};
		D5C629461C3A7FAA007F7B7C /* Frameworks */ = {
			isa = PBXFrameworksBuildPhase;
			buildActionMask = 2147483647;
			files = (
				D5C6294A1C3A7FAA007F7B7C /* Omnia.framework in Frameworks */,
			);
			runOnlyForDeploymentPostprocessing = 0;
		};
/* End PBXFrameworksBuildPhase section */

/* Begin PBXGroup section */
		D284B0F41F79024300D94AF3 /* macOS */ = {
			isa = PBXGroup;
			children = (
				D284B0F51F79024300D94AF3 /* macOS.swift */,
				D25570A51FEBDFD400AA443F /* NSColor.swift */,
				D25570A71FEBDFEB00AA443F /* NSView.swift */,
			);
			path = macOS;
			sourceTree = "<group>";
		};
		D284B1201F79041300D94AF3 /* tvOS */ = {
			isa = PBXGroup;
			children = (
				D284B1221F79041C00D94AF3 /* tvOS.swift */,
			);
			path = tvOS;
			sourceTree = "<group>";
		};
		D284B1211F79041300D94AF3 /* watchOS */ = {
			isa = PBXGroup;
			children = (
				D284B1241F79042800D94AF3 /* watchOS.swift */,
			);
			path = watchOS;
			sourceTree = "<group>";
		};
		D284B12D1F7906DA00D94AF3 /* macOS */ = {
			isa = PBXGroup;
			children = (
				D284B12E1F7906DA00D94AF3 /* macOSTests.swift */,
			);
			path = macOS;
			sourceTree = "<group>";
		};
		D284B1311F7906DA00D94AF3 /* Shared */ = {
			isa = PBXGroup;
			children = (
				D284B1321F7906DA00D94AF3 /* SharedTests.swift */,
				D28524341FCB66DB00CB232A /* OptionalTests.swift */,
				D285243E1FCB682C00CB232A /* DataTests.swift */,
				D28524471FCB697300CB232A /* SequenceTests.swift */,
				D28524501FCB6B1000CB232A /* StringTests.swift */,
				D2400CF61FCE090B00816458 /* ComparableTests.swift */,
				D2400D071FCE0E0F00816458 /* BundleTests.swift */,
				D2A6D3741FD05FAE00982BB8 /* NSObjectTests.swift */,
				D20EFEDD225F651100E41B91 /* DoubleTests.swift */,
				D20EFEE6225F671200E41B91 /* OnceTests.swift */,
				D20EFEEF225F68F900E41B91 /* DateTests.swift */,
				D20F91D922609F26000C567D /* CodableTests.swift */,
			);
			path = Shared;
			sourceTree = "<group>";
		};
		D284B1341F7906DA00D94AF3 /* tvOS */ = {
			isa = PBXGroup;
			children = (
				D284B13D1F7907AD00D94AF3 /* tvOSTests.swift */,
			);
			path = tvOS;
			sourceTree = "<group>";
		};
		D284B1351F7906DA00D94AF3 /* iOS */ = {
			isa = PBXGroup;
			children = (
				D284B1361F7906DA00D94AF3 /* UIViewControllerTests.swift */,
				D285245D1FCB6E3E00CB232A /* UIViewTests.swift */,
				D28524601FCB708700CB232A /* UIImageTests.swift */,
				D28524631FCB799A00CB232A /* UIColorTests.swift */,
				D20EFED5225F5DD400E41B91 /* NSLayoutConstraintTests.swift */,
			);
			path = iOS;
			sourceTree = "<group>";
		};
		D284B13F1F79081F00D94AF3 /* Info */ = {
			isa = PBXGroup;
			children = (
				D284B1401F79081F00D94AF3 /* Info-iOS.plist */,
				D284B1411F79081F00D94AF3 /* Info-macOS.plist */,
				D284B1421F79081F00D94AF3 /* Info-tvOS.plist */,
				D284B1431F79081F00D94AF3 /* Info-watchOS.plist */,
			);
			path = Info;
			sourceTree = "<group>";
		};
		D5B2E8951C3A780C00C0327D = {
			isa = PBXGroup;
			children = (
				D20F91DE2260A750000C567D /* Omnia.podspec */,
				D20F91DD2260A68A000C567D /* README.md */,
				D284B13F1F79081F00D94AF3 /* Info */,
				D5C629691C3A809D007F7B7C /* Sources */,
				D5C6298F1C3A8BDA007F7B7C /* OmniaTests */,
				D5B2E8A01C3A780C00C0327D /* Products */,
			);
			sourceTree = "<group>";
		};
		D5B2E8A01C3A780C00C0327D /* Products */ = {
			isa = PBXGroup;
			children = (
				D5B2E89F1C3A780C00C0327D /* Omnia.framework */,
				D5B2E8A91C3A780C00C0327D /* Omnia-iOS-Tests.xctest */,
				D5C629401C3A7FAA007F7B7C /* Omnia.framework */,
				D5C629491C3A7FAA007F7B7C /* Omnia-macOS-Tests.xctest */,
				D284B0FC1F79038B00D94AF3 /* Omnia.framework */,
				D284B1041F79038B00D94AF3 /* Omnia-tvOS-Tests.xctest */,
				D284B1181F79039F00D94AF3 /* Omnia.framework */,
			);
			name = Products;
			sourceTree = "<group>";
		};
		D5C629691C3A809D007F7B7C /* Sources */ = {
			isa = PBXGroup;
			children = (
				D284B1201F79041300D94AF3 /* tvOS */,
				D284B1211F79041300D94AF3 /* watchOS */,
				D284B0F41F79024300D94AF3 /* macOS */,
				D5C6296A1C3A809D007F7B7C /* iOS */,
				D5C6296E1C3A809D007F7B7C /* Shared */,
			);
			path = Sources;
			sourceTree = "<group>";
		};
		D5C6296A1C3A809D007F7B7C /* iOS */ = {
			isa = PBXGroup;
			children = (
				D5C629821C3A892A007F7B7C /* iOS.swift */,
				D240E1291FC9AE68000AB5AB /* UIViewController.swift */,
				D240E12C1FC9B590000AB5AB /* UIColor.swift */,
				D28524541FCB6CAF00CB232A /* UIScrollView.swift */,
				D28524571FCB6D8800CB232A /* UIView.swift */,
				D285245A1FCB6D9300CB232A /* UIImage.swift */,
				D240129F1FCC7ED800B2C5F2 /* UITableView.swift */,
				D24012A21FCC7EE100B2C5F2 /* UICollectionView.swift */,
				D23FAD5F225DE0460063F386 /* NSLayoutConstraint.swift */,
				D20EFEF3225F761400E41B91 /* UIFont.swift */,
			);
			path = iOS;
			sourceTree = "<group>";
		};
		D5C6296E1C3A809D007F7B7C /* Shared */ = {
			isa = PBXGroup;
			children = (
				D5C629861C3A89A8007F7B7C /* Shared.swift */,
				D22CB3101FCB658800B8270B /* Optional.swift */,
				D28524391FCB67BC00CB232A /* Data.swift */,
				D28524421FCB688600CB232A /* Sequence.swift */,
				D285244B1FCB6A6D00CB232A /* String.swift */,
				D2400CF11FCE08BB00816458 /* Comparable.swift */,
				D2400D021FCE0D9C00816458 /* Bundle.swift */,
				D2A6D36F1FD05DBA00982BB8 /* NSObject.swift */,
				D20EFED8225F63EA00E41B91 /* Double.swift */,
				D20EFEE1225F66F500E41B91 /* Once.swift */,
				D20EFEEA225F675C00E41B91 /* Date.swift */,
				D20F91D422609DC4000C567D /* Codable.swift */,
			);
			path = Shared;
			sourceTree = "<group>";
		};
		D5C6298F1C3A8BDA007F7B7C /* OmniaTests */ = {
			isa = PBXGroup;
			children = (
				D284B12F1F7906DA00D94AF3 /* Info-iOS-Tests.plist */,
				D284B1331F7906DA00D94AF3 /* Info-macOS-Tests.plist */,
				D284B1301F7906DA00D94AF3 /* Info-tvOS-Tests.plist */,
				D284B1351F7906DA00D94AF3 /* iOS */,
				D284B12D1F7906DA00D94AF3 /* macOS */,
				D284B1311F7906DA00D94AF3 /* Shared */,
				D284B1341F7906DA00D94AF3 /* tvOS */,
			);
			path = OmniaTests;
			sourceTree = "<group>";
		};
/* End PBXGroup section */

/* Begin PBXHeadersBuildPhase section */
		D284B0F91F79038B00D94AF3 /* Headers */ = {
			isa = PBXHeadersBuildPhase;
			buildActionMask = 2147483647;
			files = (
			);
			runOnlyForDeploymentPostprocessing = 0;
		};
		D284B1151F79039F00D94AF3 /* Headers */ = {
			isa = PBXHeadersBuildPhase;
			buildActionMask = 2147483647;
			files = (
			);
			runOnlyForDeploymentPostprocessing = 0;
		};
		D5B2E89C1C3A780C00C0327D /* Headers */ = {
			isa = PBXHeadersBuildPhase;
			buildActionMask = 2147483647;
			files = (
			);
			runOnlyForDeploymentPostprocessing = 0;
		};
		D5C6293D1C3A7FAA007F7B7C /* Headers */ = {
			isa = PBXHeadersBuildPhase;
			buildActionMask = 2147483647;
			files = (
			);
			runOnlyForDeploymentPostprocessing = 0;
		};
/* End PBXHeadersBuildPhase section */

/* Begin PBXNativeTarget section */
		D284B0FB1F79038B00D94AF3 /* Omnia-tvOS */ = {
			isa = PBXNativeTarget;
			buildConfigurationList = D284B10D1F79038B00D94AF3 /* Build configuration list for PBXNativeTarget "Omnia-tvOS" */;
			buildPhases = (
				D284B0F71F79038B00D94AF3 /* Sources */,
				D284B0F81F79038B00D94AF3 /* Frameworks */,
				D284B0F91F79038B00D94AF3 /* Headers */,
				D284B0FA1F79038B00D94AF3 /* Resources */,
			);
			buildRules = (
			);
			dependencies = (
			);
			name = "Omnia-tvOS";
			productName = "Omnia-tvOS";
			productReference = D284B0FC1F79038B00D94AF3 /* Omnia.framework */;
			productType = "com.apple.product-type.framework";
		};
		D284B1031F79038B00D94AF3 /* Omnia-tvOS-Tests */ = {
			isa = PBXNativeTarget;
			buildConfigurationList = D284B1101F79038B00D94AF3 /* Build configuration list for PBXNativeTarget "Omnia-tvOS-Tests" */;
			buildPhases = (
				D284B1001F79038B00D94AF3 /* Sources */,
				D284B1011F79038B00D94AF3 /* Frameworks */,
				D284B1021F79038B00D94AF3 /* Resources */,
			);
			buildRules = (
			);
			dependencies = (
				D284B1071F79038B00D94AF3 /* PBXTargetDependency */,
			);
			name = "Omnia-tvOS-Tests";
			productName = "Omnia-tvOSTests";
			productReference = D284B1041F79038B00D94AF3 /* Omnia-tvOS-Tests.xctest */;
			productType = "com.apple.product-type.bundle.unit-test";
		};
		D284B1171F79039F00D94AF3 /* Omnia-watchOS */ = {
			isa = PBXNativeTarget;
			buildConfigurationList = D284B11D1F79039F00D94AF3 /* Build configuration list for PBXNativeTarget "Omnia-watchOS" */;
			buildPhases = (
				D284B1131F79039F00D94AF3 /* Sources */,
				D284B1141F79039F00D94AF3 /* Frameworks */,
				D284B1151F79039F00D94AF3 /* Headers */,
				D284B1161F79039F00D94AF3 /* Resources */,
			);
			buildRules = (
			);
			dependencies = (
			);
			name = "Omnia-watchOS";
			productName = "Omnia-watchOS";
			productReference = D284B1181F79039F00D94AF3 /* Omnia.framework */;
			productType = "com.apple.product-type.framework";
		};
		D5B2E89E1C3A780C00C0327D /* Omnia-iOS */ = {
			isa = PBXNativeTarget;
			buildConfigurationList = D5B2E8B31C3A780C00C0327D /* Build configuration list for PBXNativeTarget "Omnia-iOS" */;
			buildPhases = (
				D5B2E89A1C3A780C00C0327D /* Sources */,
				D5B2E89B1C3A780C00C0327D /* Frameworks */,
				D5B2E89C1C3A780C00C0327D /* Headers */,
				D5B2E89D1C3A780C00C0327D /* Resources */,
			);
			buildRules = (
			);
			dependencies = (
			);
			name = "Omnia-iOS";
			productName = Omnia;
			productReference = D5B2E89F1C3A780C00C0327D /* Omnia.framework */;
			productType = "com.apple.product-type.framework";
		};
		D5B2E8A81C3A780C00C0327D /* Omnia-iOS-Tests */ = {
			isa = PBXNativeTarget;
			buildConfigurationList = D5B2E8B61C3A780C00C0327D /* Build configuration list for PBXNativeTarget "Omnia-iOS-Tests" */;
			buildPhases = (
				D5B2E8A51C3A780C00C0327D /* Sources */,
				D5B2E8A61C3A780C00C0327D /* Frameworks */,
				D5B2E8A71C3A780C00C0327D /* Resources */,
			);
			buildRules = (
			);
			dependencies = (
				D5B2E8AC1C3A780C00C0327D /* PBXTargetDependency */,
			);
			name = "Omnia-iOS-Tests";
			productName = OmniaTests;
			productReference = D5B2E8A91C3A780C00C0327D /* Omnia-iOS-Tests.xctest */;
			productType = "com.apple.product-type.bundle.unit-test";
		};
		D5C6293F1C3A7FAA007F7B7C /* Omnia-macOS */ = {
			isa = PBXNativeTarget;
			buildConfigurationList = D5C629511C3A7FAA007F7B7C /* Build configuration list for PBXNativeTarget "Omnia-macOS" */;
			buildPhases = (
				D5C6293B1C3A7FAA007F7B7C /* Sources */,
				D5C6293C1C3A7FAA007F7B7C /* Frameworks */,
				D5C6293D1C3A7FAA007F7B7C /* Headers */,
				D5C6293E1C3A7FAA007F7B7C /* Resources */,
			);
			buildRules = (
			);
			dependencies = (
			);
			name = "Omnia-macOS";
			productName = "Omnia-Mac";
			productReference = D5C629401C3A7FAA007F7B7C /* Omnia.framework */;
			productType = "com.apple.product-type.framework";
		};
		D5C629481C3A7FAA007F7B7C /* Omnia-macOS-Tests */ = {
			isa = PBXNativeTarget;
			buildConfigurationList = D5C629541C3A7FAA007F7B7C /* Build configuration list for PBXNativeTarget "Omnia-macOS-Tests" */;
			buildPhases = (
				D5C629451C3A7FAA007F7B7C /* Sources */,
				D5C629461C3A7FAA007F7B7C /* Frameworks */,
				D5C629471C3A7FAA007F7B7C /* Resources */,
			);
			buildRules = (
			);
			dependencies = (
				D5C6294C1C3A7FAA007F7B7C /* PBXTargetDependency */,
			);
			name = "Omnia-macOS-Tests";
			productName = "Omnia-MacTests";
			productReference = D5C629491C3A7FAA007F7B7C /* Omnia-macOS-Tests.xctest */;
			productType = "com.apple.product-type.bundle.unit-test";
		};
/* End PBXNativeTarget section */

/* Begin PBXProject section */
		D5B2E8961C3A780C00C0327D /* Project object */ = {
			isa = PBXProject;
			attributes = {
				LastSwiftUpdateCheck = 0900;
				LastUpgradeCheck = 1020;
				ORGANIZATIONNAME = "Khoa Pham";
				TargetAttributes = {
					D284B0FB1F79038B00D94AF3 = {
						CreatedOnToolsVersion = 9.0;
						LastSwiftMigration = 0900;
						ProvisioningStyle = Automatic;
					};
					D284B1031F79038B00D94AF3 = {
						CreatedOnToolsVersion = 9.0;
						LastSwiftMigration = 0900;
						ProvisioningStyle = Automatic;
					};
					D284B1171F79039F00D94AF3 = {
						CreatedOnToolsVersion = 9.0;
						LastSwiftMigration = 0900;
						ProvisioningStyle = Automatic;
					};
					D5B2E89E1C3A780C00C0327D = {
						CreatedOnToolsVersion = 7.2;
						LastSwiftMigration = 0900;
					};
					D5B2E8A81C3A780C00C0327D = {
						CreatedOnToolsVersion = 7.2;
						LastSwiftMigration = 0900;
					};
					D5C6293F1C3A7FAA007F7B7C = {
						CreatedOnToolsVersion = 7.2;
					};
					D5C629481C3A7FAA007F7B7C = {
						CreatedOnToolsVersion = 7.2;
					};
				};
			};
			buildConfigurationList = D5B2E8991C3A780C00C0327D /* Build configuration list for PBXProject "Omnia" */;
			compatibilityVersion = "Xcode 3.2";
			developmentRegion = en;
			hasScannedForEncodings = 0;
			knownRegions = (
				en,
				Base,
			);
			mainGroup = D5B2E8951C3A780C00C0327D;
			productRefGroup = D5B2E8A01C3A780C00C0327D /* Products */;
			projectDirPath = "";
			projectRoot = "";
			targets = (
				D5B2E89E1C3A780C00C0327D /* Omnia-iOS */,
				D5B2E8A81C3A780C00C0327D /* Omnia-iOS-Tests */,
				D5C6293F1C3A7FAA007F7B7C /* Omnia-macOS */,
				D5C629481C3A7FAA007F7B7C /* Omnia-macOS-Tests */,
				D284B0FB1F79038B00D94AF3 /* Omnia-tvOS */,
				D284B1031F79038B00D94AF3 /* Omnia-tvOS-Tests */,
				D284B1171F79039F00D94AF3 /* Omnia-watchOS */,
			);
		};
/* End PBXProject section */

/* Begin PBXResourcesBuildPhase section */
		D284B0FA1F79038B00D94AF3 /* Resources */ = {
			isa = PBXResourcesBuildPhase;
			buildActionMask = 2147483647;
			files = (
			);
			runOnlyForDeploymentPostprocessing = 0;
		};
		D284B1021F79038B00D94AF3 /* Resources */ = {
			isa = PBXResourcesBuildPhase;
			buildActionMask = 2147483647;
			files = (
			);
			runOnlyForDeploymentPostprocessing = 0;
		};
		D284B1161F79039F00D94AF3 /* Resources */ = {
			isa = PBXResourcesBuildPhase;
			buildActionMask = 2147483647;
			files = (
				D284B1391F7906DB00D94AF3 /* Info-tvOS-Tests.plist in Resources */,
				D284B1381F7906DB00D94AF3 /* Info-iOS-Tests.plist in Resources */,
				D284B13B1F7906DB00D94AF3 /* Info-macOS-Tests.plist in Resources */,
			);
			runOnlyForDeploymentPostprocessing = 0;
		};
		D5B2E89D1C3A780C00C0327D /* Resources */ = {
			isa = PBXResourcesBuildPhase;
			buildActionMask = 2147483647;
			files = (
			);
			runOnlyForDeploymentPostprocessing = 0;
		};
		D5B2E8A71C3A780C00C0327D /* Resources */ = {
			isa = PBXResourcesBuildPhase;
			buildActionMask = 2147483647;
			files = (
			);
			runOnlyForDeploymentPostprocessing = 0;
		};
		D5C6293E1C3A7FAA007F7B7C /* Resources */ = {
			isa = PBXResourcesBuildPhase;
			buildActionMask = 2147483647;
			files = (
			);
			runOnlyForDeploymentPostprocessing = 0;
		};
		D5C629471C3A7FAA007F7B7C /* Resources */ = {
			isa = PBXResourcesBuildPhase;
			buildActionMask = 2147483647;
			files = (
			);
			runOnlyForDeploymentPostprocessing = 0;
		};
/* End PBXResourcesBuildPhase section */

/* Begin PBXSourcesBuildPhase section */
		D284B0F71F79038B00D94AF3 /* Sources */ = {
			isa = PBXSourcesBuildPhase;
			buildActionMask = 2147483647;
			files = (
				D20EFEDB225F63EA00E41B91 /* Double.swift in Sources */,
				D284B1491F790CA200D94AF3 /* Shared.swift in Sources */,
				D20EFEE4225F66F500E41B91 /* Once.swift in Sources */,
				D22CB3131FCB658800B8270B /* Optional.swift in Sources */,
				D2A6D3721FD05DBA00982BB8 /* NSObject.swift in Sources */,
				D28524591FCB6D8800CB232A /* UIView.swift in Sources */,
				D24012A11FCC7ED800B2C5F2 /* UITableView.swift in Sources */,
				D28524451FCB688600CB232A /* Sequence.swift in Sources */,
				D285245C1FCB6D9300CB232A /* UIImage.swift in Sources */,
				D2400D051FCE0D9C00816458 /* Bundle.swift in Sources */,
				D240E12B1FC9AE68000AB5AB /* UIViewController.swift in Sources */,
				D285244E1FCB6A6D00CB232A /* String.swift in Sources */,
				D285243C1FCB67BC00CB232A /* Data.swift in Sources */,
				D28524561FCB6CAF00CB232A /* UIScrollView.swift in Sources */,
				D24012A41FCC7EE100B2C5F2 /* UICollectionView.swift in Sources */,
				D284B1231F79041C00D94AF3 /* tvOS.swift in Sources */,
				D20EFEED225F675C00E41B91 /* Date.swift in Sources */,
				D240E12E1FC9B590000AB5AB /* UIColor.swift in Sources */,
				D20F91D722609E2F000C567D /* Codable.swift in Sources */,
				D2400CF41FCE08BB00816458 /* Comparable.swift in Sources */,
			);
			runOnlyForDeploymentPostprocessing = 0;
		};
		D284B1001F79038B00D94AF3 /* Sources */ = {
			isa = PBXSourcesBuildPhase;
			buildActionMask = 2147483647;
			files = (
				D284B1441F7908B100D94AF3 /* SharedTests.swift in Sources */,
				D285244A1FCB697300CB232A /* SequenceTests.swift in Sources */,
				D2A6D3771FD05FAE00982BB8 /* NSObjectTests.swift in Sources */,
				D20EFEE0225F651100E41B91 /* DoubleTests.swift in Sources */,
				D20EFEF2225F68F900E41B91 /* DateTests.swift in Sources */,
				D2400CF91FCE090B00816458 /* ComparableTests.swift in Sources */,
				D28524531FCB6B1000CB232A /* StringTests.swift in Sources */,
				D28524411FCB682C00CB232A /* DataTests.swift in Sources */,
				D285245F1FCB6E3E00CB232A /* UIViewTests.swift in Sources */,
				D284B13E1F7907AD00D94AF3 /* tvOSTests.swift in Sources */,
				D20F91DC22609F26000C567D /* CodableTests.swift in Sources */,
				D28524381FCB670500CB232A /* OptionalTests.swift in Sources */,
				D20EFEE9225F671200E41B91 /* OnceTests.swift in Sources */,
				D28524651FCB799A00CB232A /* UIColorTests.swift in Sources */,
				D28524621FCB708700CB232A /* UIImageTests.swift in Sources */,
				D2400D0A1FCE0E0F00816458 /* BundleTests.swift in Sources */,
			);
			runOnlyForDeploymentPostprocessing = 0;
		};
		D284B1131F79039F00D94AF3 /* Sources */ = {
			isa = PBXSourcesBuildPhase;
			buildActionMask = 2147483647;
			files = (
				D284B14A1F790CA200D94AF3 /* Shared.swift in Sources */,
				D285243D1FCB67BC00CB232A /* Data.swift in Sources */,
				D20EFEE5225F66F500E41B91 /* Once.swift in Sources */,
				D28524461FCB688600CB232A /* Sequence.swift in Sources */,
				D22CB3141FCB658800B8270B /* Optional.swift in Sources */,
				D2A6D3731FD05DBA00982BB8 /* NSObject.swift in Sources */,
				D285244F1FCB6A6D00CB232A /* String.swift in Sources */,
				D20EFEEE225F675C00E41B91 /* Date.swift in Sources */,
				D284B1251F79042800D94AF3 /* watchOS.swift in Sources */,
				D20F91D822609E2F000C567D /* Codable.swift in Sources */,
				D2400CF51FCE08BB00816458 /* Comparable.swift in Sources */,
				D20EFEDC225F63EA00E41B91 /* Double.swift in Sources */,
				D2400D061FCE0D9C00816458 /* Bundle.swift in Sources */,
			);
			runOnlyForDeploymentPostprocessing = 0;
		};
		D5B2E89A1C3A780C00C0327D /* Sources */ = {
			isa = PBXSourcesBuildPhase;
			buildActionMask = 2147483647;
			files = (
				D5C629831C3A892A007F7B7C /* iOS.swift in Sources */,
				D22CB3111FCB658800B8270B /* Optional.swift in Sources */,
				D2A6D3701FD05DBA00982BB8 /* NSObject.swift in Sources */,
				D23FAD60225DE0460063F386 /* NSLayoutConstraint.swift in Sources */,
				D28524581FCB6D8800CB232A /* UIView.swift in Sources */,
				D24012A01FCC7ED800B2C5F2 /* UITableView.swift in Sources */,
				D20F91D522609DC4000C567D /* Codable.swift in Sources */,
				D20EFEE2225F66F500E41B91 /* Once.swift in Sources */,
				D28524431FCB688600CB232A /* Sequence.swift in Sources */,
				D285245B1FCB6D9300CB232A /* UIImage.swift in Sources */,
				D2400D031FCE0D9C00816458 /* Bundle.swift in Sources */,
				D240E12A1FC9AE68000AB5AB /* UIViewController.swift in Sources */,
				D20EFEEB225F675C00E41B91 /* Date.swift in Sources */,
				D285244C1FCB6A6D00CB232A /* String.swift in Sources */,
				D285243A1FCB67BC00CB232A /* Data.swift in Sources */,
				D28524551FCB6CAF00CB232A /* UIScrollView.swift in Sources */,
				D24012A31FCC7EE100B2C5F2 /* UICollectionView.swift in Sources */,
				D5C629871C3A89A8007F7B7C /* Shared.swift in Sources */,
				D20EFEF4225F761400E41B91 /* UIFont.swift in Sources */,
				D240E12D1FC9B590000AB5AB /* UIColor.swift in Sources */,
				D20EFED9225F63EA00E41B91 /* Double.swift in Sources */,
				D2400CF21FCE08BB00816458 /* Comparable.swift in Sources */,
			);
			runOnlyForDeploymentPostprocessing = 0;
		};
		D5B2E8A51C3A780C00C0327D /* Sources */ = {
			isa = PBXSourcesBuildPhase;
			buildActionMask = 2147483647;
			files = (
				D284B1461F7908B300D94AF3 /* SharedTests.swift in Sources */,
				D20EFEE7225F671200E41B91 /* OnceTests.swift in Sources */,
				D20EFED6225F5DD400E41B91 /* NSLayoutConstraintTests.swift in Sources */,
				D28524481FCB697300CB232A /* SequenceTests.swift in Sources */,
				D2A6D3751FD05FAE00982BB8 /* NSObjectTests.swift in Sources */,
				D2400CF71FCE090B00816458 /* ComparableTests.swift in Sources */,
				D28524511FCB6B1000CB232A /* StringTests.swift in Sources */,
				D285243F1FCB682C00CB232A /* DataTests.swift in Sources */,
				D285245E1FCB6E3E00CB232A /* UIViewTests.swift in Sources */,
				D20F91DA22609F26000C567D /* CodableTests.swift in Sources */,
				D284B1471F7908B800D94AF3 /* UIViewControllerTests.swift in Sources */,
				D28524361FCB670300CB232A /* OptionalTests.swift in Sources */,
				D20EFEF0225F68F900E41B91 /* DateTests.swift in Sources */,
				D20EFEDE225F651100E41B91 /* DoubleTests.swift in Sources */,
				D28524641FCB799A00CB232A /* UIColorTests.swift in Sources */,
				D28524611FCB708700CB232A /* UIImageTests.swift in Sources */,
				D2400D081FCE0E0F00816458 /* BundleTests.swift in Sources */,
			);
			runOnlyForDeploymentPostprocessing = 0;
		};
		D5C6293B1C3A7FAA007F7B7C /* Sources */ = {
			isa = PBXSourcesBuildPhase;
			buildActionMask = 2147483647;
			files = (
				D5C629881C3A89A8007F7B7C /* Shared.swift in Sources */,
				D285243B1FCB67BC00CB232A /* Data.swift in Sources */,
				D25570A61FEBDFD400AA443F /* NSColor.swift in Sources */,
				D28524441FCB688600CB232A /* Sequence.swift in Sources */,
				D22CB3121FCB658800B8270B /* Optional.swift in Sources */,
				D2A6D3711FD05DBA00982BB8 /* NSObject.swift in Sources */,
				D285244D1FCB6A6D00CB232A /* String.swift in Sources */,
				D20EFEE3225F66F500E41B91 /* Once.swift in Sources */,
				D20F91D622609E2E000C567D /* Codable.swift in Sources */,
				D25570A81FEBDFEB00AA443F /* NSView.swift in Sources */,
				D20EFEEC225F675C00E41B91 /* Date.swift in Sources */,
				D284B0F61F79024300D94AF3 /* macOS.swift in Sources */,
				D2400CF31FCE08BB00816458 /* Comparable.swift in Sources */,
				D20EFEDA225F63EA00E41B91 /* Double.swift in Sources */,
				D2400D041FCE0D9C00816458 /* Bundle.swift in Sources */,
			);
			runOnlyForDeploymentPostprocessing = 0;
		};
		D5C629451C3A7FAA007F7B7C /* Sources */ = {
			isa = PBXSourcesBuildPhase;
			buildActionMask = 2147483647;
			files = (
				D284B1451F7908B200D94AF3 /* SharedTests.swift in Sources */,
				D2400CF81FCE090B00816458 /* ComparableTests.swift in Sources */,
				D20F91DB22609F26000C567D /* CodableTests.swift in Sources */,
				D20EFEF1225F68F900E41B91 /* DateTests.swift in Sources */,
				D28524521FCB6B1000CB232A /* StringTests.swift in Sources */,
				D28524401FCB682C00CB232A /* DataTests.swift in Sources */,
				D284B1481F7908BB00D94AF3 /* macOSTests.swift in Sources */,
				D20EFED7225F606400E41B91 /* SequenceTests.swift in Sources */,
				D20EFEE8225F671200E41B91 /* OnceTests.swift in Sources */,
				D28524371FCB670400CB232A /* OptionalTests.swift in Sources */,
				D20EFEDF225F651100E41B91 /* DoubleTests.swift in Sources */,
				D2400D091FCE0E0F00816458 /* BundleTests.swift in Sources */,
			);
			runOnlyForDeploymentPostprocessing = 0;
		};
/* End PBXSourcesBuildPhase section */

/* Begin PBXTargetDependency section */
		D284B1071F79038B00D94AF3 /* PBXTargetDependency */ = {
			isa = PBXTargetDependency;
			target = D284B0FB1F79038B00D94AF3 /* Omnia-tvOS */;
			targetProxy = D284B1061F79038B00D94AF3 /* PBXContainerItemProxy */;
		};
		D5B2E8AC1C3A780C00C0327D /* PBXTargetDependency */ = {
			isa = PBXTargetDependency;
			target = D5B2E89E1C3A780C00C0327D /* Omnia-iOS */;
			targetProxy = D5B2E8AB1C3A780C00C0327D /* PBXContainerItemProxy */;
		};
		D5C6294C1C3A7FAA007F7B7C /* PBXTargetDependency */ = {
			isa = PBXTargetDependency;
			target = D5C6293F1C3A7FAA007F7B7C /* Omnia-macOS */;
			targetProxy = D5C6294B1C3A7FAA007F7B7C /* PBXContainerItemProxy */;
		};
/* End PBXTargetDependency section */

/* Begin XCBuildConfiguration section */
		D284B10E1F79038B00D94AF3 /* Debug */ = {
			isa = XCBuildConfiguration;
			buildSettings = {
				CLANG_ANALYZER_NONNULL = YES;
				CLANG_ANALYZER_NUMBER_OBJECT_CONVERSION = YES_AGGRESSIVE;
				CLANG_CXX_LANGUAGE_STANDARD = "gnu++14";
				CLANG_ENABLE_MODULES = YES;
				CLANG_WARN_DOCUMENTATION_COMMENTS = YES;
				CLANG_WARN_UNGUARDED_AVAILABILITY = YES_AGGRESSIVE;
				CODE_SIGN_IDENTITY = "";
				CODE_SIGN_STYLE = Automatic;
				DEFINES_MODULE = YES;
				DYLIB_COMPATIBILITY_VERSION = 1;
				DYLIB_CURRENT_VERSION = 1;
				DYLIB_INSTALL_NAME_BASE = "@rpath";
				GCC_C_LANGUAGE_STANDARD = gnu11;
				INFOPLIST_FILE = "$(SRCROOT)/Info/Info-tvOS.plist";
				INSTALL_PATH = "$(LOCAL_LIBRARY_DIR)/Frameworks";
				LD_RUNPATH_SEARCH_PATHS = "$(inherited) @executable_path/Frameworks @loader_path/Frameworks";
				PRODUCT_BUNDLE_IDENTIFIER = "com.onmyway133.Omnia-tvOS";
				PRODUCT_NAME = Omnia;
				SDKROOT = appletvos;
				SKIP_INSTALL = YES;
				SWIFT_ACTIVE_COMPILATION_CONDITIONS = DEBUG;
				SWIFT_OPTIMIZATION_LEVEL = "-Onone";
				TARGETED_DEVICE_FAMILY = 3;
				TVOS_DEPLOYMENT_TARGET = 12.0;
			};
			name = Debug;
		};
		D284B10F1F79038B00D94AF3 /* Release */ = {
			isa = XCBuildConfiguration;
			buildSettings = {
				CLANG_ANALYZER_NONNULL = YES;
				CLANG_ANALYZER_NUMBER_OBJECT_CONVERSION = YES_AGGRESSIVE;
				CLANG_CXX_LANGUAGE_STANDARD = "gnu++14";
				CLANG_ENABLE_MODULES = YES;
				CLANG_WARN_DOCUMENTATION_COMMENTS = YES;
				CLANG_WARN_UNGUARDED_AVAILABILITY = YES_AGGRESSIVE;
				CODE_SIGN_IDENTITY = "";
				CODE_SIGN_STYLE = Automatic;
				DEFINES_MODULE = YES;
				DYLIB_COMPATIBILITY_VERSION = 1;
				DYLIB_CURRENT_VERSION = 1;
				DYLIB_INSTALL_NAME_BASE = "@rpath";
				GCC_C_LANGUAGE_STANDARD = gnu11;
				INFOPLIST_FILE = "$(SRCROOT)/Info/Info-tvOS.plist";
				INSTALL_PATH = "$(LOCAL_LIBRARY_DIR)/Frameworks";
				LD_RUNPATH_SEARCH_PATHS = "$(inherited) @executable_path/Frameworks @loader_path/Frameworks";
				PRODUCT_BUNDLE_IDENTIFIER = "com.onmyway133.Omnia-tvOS";
				PRODUCT_NAME = Omnia;
				SDKROOT = appletvos;
				SKIP_INSTALL = YES;
				TARGETED_DEVICE_FAMILY = 3;
				TVOS_DEPLOYMENT_TARGET = 12.0;
			};
			name = Release;
		};
		D284B1111F79038B00D94AF3 /* Debug */ = {
			isa = XCBuildConfiguration;
			buildSettings = {
				ALWAYS_EMBED_SWIFT_STANDARD_LIBRARIES = YES;
				CLANG_ANALYZER_NONNULL = YES;
				CLANG_ANALYZER_NUMBER_OBJECT_CONVERSION = YES_AGGRESSIVE;
				CLANG_CXX_LANGUAGE_STANDARD = "gnu++14";
				CLANG_ENABLE_MODULES = YES;
				CLANG_WARN_DOCUMENTATION_COMMENTS = YES;
				CLANG_WARN_UNGUARDED_AVAILABILITY = YES_AGGRESSIVE;
				CODE_SIGN_STYLE = Automatic;
				GCC_C_LANGUAGE_STANDARD = gnu11;
				INFOPLIST_FILE = "$(SRCROOT)/OmniaTests/Info-tvOS-Tests.plist";
				LD_RUNPATH_SEARCH_PATHS = "$(inherited) @executable_path/Frameworks @loader_path/Frameworks $(FRAMEWORK_SEARCH_PATHS)";
				PRODUCT_BUNDLE_IDENTIFIER = "no.hyper.Omnia-tvOSTests";
				PRODUCT_NAME = "$(TARGET_NAME)";
				SDKROOT = appletvos;
				SWIFT_ACTIVE_COMPILATION_CONDITIONS = DEBUG;
				SWIFT_OPTIMIZATION_LEVEL = "-Onone";
				TARGETED_DEVICE_FAMILY = 3;
			};
			name = Debug;
		};
		D284B1121F79038B00D94AF3 /* Release */ = {
			isa = XCBuildConfiguration;
			buildSettings = {
				ALWAYS_EMBED_SWIFT_STANDARD_LIBRARIES = YES;
				CLANG_ANALYZER_NONNULL = YES;
				CLANG_ANALYZER_NUMBER_OBJECT_CONVERSION = YES_AGGRESSIVE;
				CLANG_CXX_LANGUAGE_STANDARD = "gnu++14";
				CLANG_ENABLE_MODULES = YES;
				CLANG_WARN_DOCUMENTATION_COMMENTS = YES;
				CLANG_WARN_UNGUARDED_AVAILABILITY = YES_AGGRESSIVE;
				CODE_SIGN_STYLE = Automatic;
				GCC_C_LANGUAGE_STANDARD = gnu11;
				INFOPLIST_FILE = "$(SRCROOT)/OmniaTests/Info-tvOS-Tests.plist";
				LD_RUNPATH_SEARCH_PATHS = "$(inherited) @executable_path/Frameworks @loader_path/Frameworks $(FRAMEWORK_SEARCH_PATHS)";
				PRODUCT_BUNDLE_IDENTIFIER = "no.hyper.Omnia-tvOSTests";
				PRODUCT_NAME = "$(TARGET_NAME)";
				SDKROOT = appletvos;
				TARGETED_DEVICE_FAMILY = 3;
			};
			name = Release;
		};
		D284B11E1F79039F00D94AF3 /* Debug */ = {
			isa = XCBuildConfiguration;
			buildSettings = {
				APPLICATION_EXTENSION_API_ONLY = YES;
				CLANG_ANALYZER_NONNULL = YES;
				CLANG_ANALYZER_NUMBER_OBJECT_CONVERSION = YES_AGGRESSIVE;
				CLANG_CXX_LANGUAGE_STANDARD = "gnu++14";
				CLANG_ENABLE_MODULES = YES;
				CLANG_WARN_DOCUMENTATION_COMMENTS = YES;
				CLANG_WARN_UNGUARDED_AVAILABILITY = YES_AGGRESSIVE;
				CODE_SIGN_IDENTITY = "";
				CODE_SIGN_STYLE = Automatic;
				DEFINES_MODULE = YES;
				DYLIB_COMPATIBILITY_VERSION = 1;
				DYLIB_CURRENT_VERSION = 1;
				DYLIB_INSTALL_NAME_BASE = "@rpath";
				GCC_C_LANGUAGE_STANDARD = gnu11;
				INFOPLIST_FILE = "$(SRCROOT)/Info/Info-watchOS.plist";
				INSTALL_PATH = "$(LOCAL_LIBRARY_DIR)/Frameworks";
				LD_RUNPATH_SEARCH_PATHS = "$(inherited) @executable_path/Frameworks @loader_path/Frameworks";
				PRODUCT_BUNDLE_IDENTIFIER = "com.onmyway133.Omnia-watchOS";
				PRODUCT_NAME = Omnia;
				SDKROOT = watchos;
				SKIP_INSTALL = YES;
				SWIFT_ACTIVE_COMPILATION_CONDITIONS = DEBUG;
				SWIFT_OPTIMIZATION_LEVEL = "-Onone";
				TARGETED_DEVICE_FAMILY = 4;
			};
			name = Debug;
		};
		D284B11F1F79039F00D94AF3 /* Release */ = {
			isa = XCBuildConfiguration;
			buildSettings = {
				APPLICATION_EXTENSION_API_ONLY = YES;
				CLANG_ANALYZER_NONNULL = YES;
				CLANG_ANALYZER_NUMBER_OBJECT_CONVERSION = YES_AGGRESSIVE;
				CLANG_CXX_LANGUAGE_STANDARD = "gnu++14";
				CLANG_ENABLE_MODULES = YES;
				CLANG_WARN_DOCUMENTATION_COMMENTS = YES;
				CLANG_WARN_UNGUARDED_AVAILABILITY = YES_AGGRESSIVE;
				CODE_SIGN_IDENTITY = "";
				CODE_SIGN_STYLE = Automatic;
				DEFINES_MODULE = YES;
				DYLIB_COMPATIBILITY_VERSION = 1;
				DYLIB_CURRENT_VERSION = 1;
				DYLIB_INSTALL_NAME_BASE = "@rpath";
				GCC_C_LANGUAGE_STANDARD = gnu11;
				INFOPLIST_FILE = "$(SRCROOT)/Info/Info-watchOS.plist";
				INSTALL_PATH = "$(LOCAL_LIBRARY_DIR)/Frameworks";
				LD_RUNPATH_SEARCH_PATHS = "$(inherited) @executable_path/Frameworks @loader_path/Frameworks";
				PRODUCT_BUNDLE_IDENTIFIER = "com.onmyway133.Omnia-watchOS";
				PRODUCT_NAME = Omnia;
				SDKROOT = watchos;
				SKIP_INSTALL = YES;
				TARGETED_DEVICE_FAMILY = 4;
			};
			name = Release;
		};
		D5B2E8B11C3A780C00C0327D /* Debug */ = {
			isa = XCBuildConfiguration;
			buildSettings = {
				ALWAYS_SEARCH_USER_PATHS = NO;
				CLANG_ANALYZER_LOCALIZABILITY_NONLOCALIZED = YES;
				CLANG_CXX_LANGUAGE_STANDARD = "gnu++0x";
				CLANG_CXX_LIBRARY = "libc++";
				CLANG_ENABLE_MODULES = YES;
				CLANG_ENABLE_OBJC_ARC = YES;
				CLANG_WARN_BLOCK_CAPTURE_AUTORELEASING = YES;
				CLANG_WARN_BOOL_CONVERSION = YES;
				CLANG_WARN_COMMA = YES;
				CLANG_WARN_CONSTANT_CONVERSION = YES;
				CLANG_WARN_DEPRECATED_OBJC_IMPLEMENTATIONS = YES;
				CLANG_WARN_DIRECT_OBJC_ISA_USAGE = YES_ERROR;
				CLANG_WARN_EMPTY_BODY = YES;
				CLANG_WARN_ENUM_CONVERSION = YES;
				CLANG_WARN_INFINITE_RECURSION = YES;
				CLANG_WARN_INT_CONVERSION = YES;
				CLANG_WARN_NON_LITERAL_NULL_CONVERSION = YES;
				CLANG_WARN_OBJC_IMPLICIT_RETAIN_SELF = YES;
				CLANG_WARN_OBJC_LITERAL_CONVERSION = YES;
				CLANG_WARN_OBJC_ROOT_CLASS = YES_ERROR;
				CLANG_WARN_RANGE_LOOP_ANALYSIS = YES;
				CLANG_WARN_STRICT_PROTOTYPES = YES;
				CLANG_WARN_SUSPICIOUS_MOVE = YES;
				CLANG_WARN_UNREACHABLE_CODE = YES;
				CLANG_WARN__DUPLICATE_METHOD_MATCH = YES;
				"CODE_SIGN_IDENTITY[sdk=iphoneos*]" = "iPhone Developer";
				COPY_PHASE_STRIP = NO;
				CURRENT_PROJECT_VERSION = 1;
				DEBUG_INFORMATION_FORMAT = dwarf;
				ENABLE_STRICT_OBJC_MSGSEND = YES;
				ENABLE_TESTABILITY = YES;
				GCC_C_LANGUAGE_STANDARD = gnu99;
				GCC_DYNAMIC_NO_PIC = NO;
				GCC_NO_COMMON_BLOCKS = YES;
				GCC_OPTIMIZATION_LEVEL = 0;
				GCC_PREPROCESSOR_DEFINITIONS = (
					"DEBUG=1",
					"$(inherited)",
				);
				GCC_WARN_64_TO_32_BIT_CONVERSION = YES;
				GCC_WARN_ABOUT_RETURN_TYPE = YES_ERROR;
				GCC_WARN_UNDECLARED_SELECTOR = YES;
				GCC_WARN_UNINITIALIZED_AUTOS = YES_AGGRESSIVE;
				GCC_WARN_UNUSED_FUNCTION = YES;
				GCC_WARN_UNUSED_VARIABLE = YES;
				IPHONEOS_DEPLOYMENT_TARGET = 10.0;
				MACOSX_DEPLOYMENT_TARGET = 10.12;
				MTL_ENABLE_DEBUG_INFO = YES;
				ONLY_ACTIVE_ARCH = YES;
				SDKROOT = iphoneos;
				SWIFT_OPTIMIZATION_LEVEL = "-Onone";
				SWIFT_VERSION = 5.0;
				TARGETED_DEVICE_FAMILY = "1,2";
				VERSIONING_SYSTEM = "apple-generic";
				VERSION_INFO_PREFIX = "";
			};
			name = Debug;
		};
		D5B2E8B21C3A780C00C0327D /* Release */ = {
			isa = XCBuildConfiguration;
			buildSettings = {
				ALWAYS_SEARCH_USER_PATHS = NO;
				CLANG_ANALYZER_LOCALIZABILITY_NONLOCALIZED = YES;
				CLANG_CXX_LANGUAGE_STANDARD = "gnu++0x";
				CLANG_CXX_LIBRARY = "libc++";
				CLANG_ENABLE_MODULES = YES;
				CLANG_ENABLE_OBJC_ARC = YES;
				CLANG_WARN_BLOCK_CAPTURE_AUTORELEASING = YES;
				CLANG_WARN_BOOL_CONVERSION = YES;
				CLANG_WARN_COMMA = YES;
				CLANG_WARN_CONSTANT_CONVERSION = YES;
				CLANG_WARN_DEPRECATED_OBJC_IMPLEMENTATIONS = YES;
				CLANG_WARN_DIRECT_OBJC_ISA_USAGE = YES_ERROR;
				CLANG_WARN_EMPTY_BODY = YES;
				CLANG_WARN_ENUM_CONVERSION = YES;
				CLANG_WARN_INFINITE_RECURSION = YES;
				CLANG_WARN_INT_CONVERSION = YES;
				CLANG_WARN_NON_LITERAL_NULL_CONVERSION = YES;
				CLANG_WARN_OBJC_IMPLICIT_RETAIN_SELF = YES;
				CLANG_WARN_OBJC_LITERAL_CONVERSION = YES;
				CLANG_WARN_OBJC_ROOT_CLASS = YES_ERROR;
				CLANG_WARN_RANGE_LOOP_ANALYSIS = YES;
				CLANG_WARN_STRICT_PROTOTYPES = YES;
				CLANG_WARN_SUSPICIOUS_MOVE = YES;
				CLANG_WARN_UNREACHABLE_CODE = YES;
				CLANG_WARN__DUPLICATE_METHOD_MATCH = YES;
				"CODE_SIGN_IDENTITY[sdk=iphoneos*]" = "iPhone Developer";
				COPY_PHASE_STRIP = NO;
				CURRENT_PROJECT_VERSION = 1;
				DEBUG_INFORMATION_FORMAT = "dwarf-with-dsym";
				ENABLE_NS_ASSERTIONS = NO;
				ENABLE_STRICT_OBJC_MSGSEND = YES;
				GCC_C_LANGUAGE_STANDARD = gnu99;
				GCC_NO_COMMON_BLOCKS = YES;
				GCC_WARN_64_TO_32_BIT_CONVERSION = YES;
				GCC_WARN_ABOUT_RETURN_TYPE = YES_ERROR;
				GCC_WARN_UNDECLARED_SELECTOR = YES;
				GCC_WARN_UNINITIALIZED_AUTOS = YES_AGGRESSIVE;
				GCC_WARN_UNUSED_FUNCTION = YES;
				GCC_WARN_UNUSED_VARIABLE = YES;
				IPHONEOS_DEPLOYMENT_TARGET = 10.0;
				MACOSX_DEPLOYMENT_TARGET = 10.12;
				MTL_ENABLE_DEBUG_INFO = NO;
				SDKROOT = iphoneos;
				SWIFT_OPTIMIZATION_LEVEL = "-Owholemodule";
				SWIFT_VERSION = 5.0;
				TARGETED_DEVICE_FAMILY = "1,2";
				VALIDATE_PRODUCT = YES;
				VERSIONING_SYSTEM = "apple-generic";
				VERSION_INFO_PREFIX = "";
			};
			name = Release;
		};
		D5B2E8B41C3A780C00C0327D /* Debug */ = {
			isa = XCBuildConfiguration;
			buildSettings = {
				CLANG_ENABLE_MODULES = YES;
				"CODE_SIGN_IDENTITY[sdk=iphoneos*]" = "";
				DEFINES_MODULE = YES;
				DYLIB_COMPATIBILITY_VERSION = 1;
				DYLIB_CURRENT_VERSION = 1;
				DYLIB_INSTALL_NAME_BASE = "@rpath";
				INFOPLIST_FILE = "$(SRCROOT)/Info/Info-iOS.plist";
				INSTALL_PATH = "$(LOCAL_LIBRARY_DIR)/Frameworks";
				IPHONEOS_DEPLOYMENT_TARGET = 10.0;
				LD_RUNPATH_SEARCH_PATHS = "$(inherited) @executable_path/Frameworks @loader_path/Frameworks";
				PRODUCT_BUNDLE_IDENTIFIER = "com.onmyway133.Omnia-iOS";
				PRODUCT_NAME = Omnia;
				SKIP_INSTALL = YES;
				SWIFT_OPTIMIZATION_LEVEL = "-Onone";
			};
			name = Debug;
		};
		D5B2E8B51C3A780C00C0327D /* Release */ = {
			isa = XCBuildConfiguration;
			buildSettings = {
				CLANG_ENABLE_MODULES = YES;
				"CODE_SIGN_IDENTITY[sdk=iphoneos*]" = "";
				DEFINES_MODULE = YES;
				DYLIB_COMPATIBILITY_VERSION = 1;
				DYLIB_CURRENT_VERSION = 1;
				DYLIB_INSTALL_NAME_BASE = "@rpath";
				INFOPLIST_FILE = "$(SRCROOT)/Info/Info-iOS.plist";
				INSTALL_PATH = "$(LOCAL_LIBRARY_DIR)/Frameworks";
				IPHONEOS_DEPLOYMENT_TARGET = 10.0;
				LD_RUNPATH_SEARCH_PATHS = "$(inherited) @executable_path/Frameworks @loader_path/Frameworks";
				PRODUCT_BUNDLE_IDENTIFIER = "com.onmyway133.Omnia-iOS";
				PRODUCT_NAME = Omnia;
				SKIP_INSTALL = YES;
			};
			name = Release;
		};
		D5B2E8B71C3A780C00C0327D /* Debug */ = {
			isa = XCBuildConfiguration;
			buildSettings = {
				CLANG_ENABLE_MODULES = YES;
				FRAMEWORK_SEARCH_PATHS = "$(inherited)";
				INFOPLIST_FILE = "$(SRCROOT)/OmniaTests/Info-iOS-Tests.plist";
				LD_RUNPATH_SEARCH_PATHS = "$(inherited) @executable_path/Frameworks @loader_path/Frameworks $(FRAMEWORK_SEARCH_PATHS)";
				PRODUCT_BUNDLE_IDENTIFIER = no.hyper.OmniaTests;
				PRODUCT_NAME = "$(TARGET_NAME)";
				SWIFT_OPTIMIZATION_LEVEL = "-Onone";
			};
			name = Debug;
		};
		D5B2E8B81C3A780C00C0327D /* Release */ = {
			isa = XCBuildConfiguration;
			buildSettings = {
				CLANG_ENABLE_MODULES = YES;
				FRAMEWORK_SEARCH_PATHS = "$(inherited)";
				INFOPLIST_FILE = "$(SRCROOT)/OmniaTests/Info-iOS-Tests.plist";
				LD_RUNPATH_SEARCH_PATHS = "$(inherited) @executable_path/Frameworks @loader_path/Frameworks $(FRAMEWORK_SEARCH_PATHS)";
				PRODUCT_BUNDLE_IDENTIFIER = no.hyper.OmniaTests;
				PRODUCT_NAME = "$(TARGET_NAME)";
			};
			name = Release;
		};
		D5C629521C3A7FAA007F7B7C /* Debug */ = {
			isa = XCBuildConfiguration;
			buildSettings = {
				CLANG_ENABLE_MODULES = YES;
				CODE_SIGN_IDENTITY = "-";
				COMBINE_HIDPI_IMAGES = YES;
				DEFINES_MODULE = YES;
				DYLIB_COMPATIBILITY_VERSION = 1;
				DYLIB_CURRENT_VERSION = 1;
				DYLIB_INSTALL_NAME_BASE = "@rpath";
				FRAMEWORK_VERSION = A;
				INFOPLIST_FILE = "$(SRCROOT)/Info/Info-macOS.plist";
				INSTALL_PATH = "$(LOCAL_LIBRARY_DIR)/Frameworks";
				LD_RUNPATH_SEARCH_PATHS = "$(inherited) @executable_path/../Frameworks @loader_path/Frameworks";
				MACOSX_DEPLOYMENT_TARGET = 10.12;
				PRODUCT_BUNDLE_IDENTIFIER = "com.onmyway133.Omnia-macOS";
				PRODUCT_NAME = Omnia;
				SDKROOT = macosx;
				SKIP_INSTALL = YES;
				SWIFT_OPTIMIZATION_LEVEL = "-Onone";
			};
			name = Debug;
		};
		D5C629531C3A7FAA007F7B7C /* Release */ = {
			isa = XCBuildConfiguration;
			buildSettings = {
				CLANG_ENABLE_MODULES = YES;
				CODE_SIGN_IDENTITY = "-";
				COMBINE_HIDPI_IMAGES = YES;
				DEFINES_MODULE = YES;
				DYLIB_COMPATIBILITY_VERSION = 1;
				DYLIB_CURRENT_VERSION = 1;
				DYLIB_INSTALL_NAME_BASE = "@rpath";
				FRAMEWORK_VERSION = A;
				INFOPLIST_FILE = "$(SRCROOT)/Info/Info-macOS.plist";
				INSTALL_PATH = "$(LOCAL_LIBRARY_DIR)/Frameworks";
				LD_RUNPATH_SEARCH_PATHS = "$(inherited) @executable_path/../Frameworks @loader_path/Frameworks";
				MACOSX_DEPLOYMENT_TARGET = 10.12;
				PRODUCT_BUNDLE_IDENTIFIER = "com.onmyway133.Omnia-macOS";
				PRODUCT_NAME = Omnia;
				SDKROOT = macosx;
				SKIP_INSTALL = YES;
			};
			name = Release;
		};
		D5C629551C3A7FAA007F7B7C /* Debug */ = {
			isa = XCBuildConfiguration;
			buildSettings = {
				CODE_SIGN_IDENTITY = "-";
				COMBINE_HIDPI_IMAGES = YES;
				FRAMEWORK_SEARCH_PATHS = "$(inherited)";
				INFOPLIST_FILE = "$(SRCROOT)/OmniaTests/Info-macOS-Tests.plist";
				LD_RUNPATH_SEARCH_PATHS = "$(inherited) @executable_path/../Frameworks @loader_path/../Frameworks $(FRAMEWORK_SEARCH_PATHS)";
				PRODUCT_BUNDLE_IDENTIFIER = "no.hyper.Omnia-MacTests";
				PRODUCT_NAME = "$(TARGET_NAME)";
				SDKROOT = macosx;
			};
			name = Debug;
		};
		D5C629561C3A7FAA007F7B7C /* Release */ = {
			isa = XCBuildConfiguration;
			buildSettings = {
				CODE_SIGN_IDENTITY = "-";
				COMBINE_HIDPI_IMAGES = YES;
				FRAMEWORK_SEARCH_PATHS = "$(inherited)";
				INFOPLIST_FILE = "$(SRCROOT)/OmniaTests/Info-macOS-Tests.plist";
				LD_RUNPATH_SEARCH_PATHS = "$(inherited) @executable_path/../Frameworks @loader_path/../Frameworks $(FRAMEWORK_SEARCH_PATHS)";
				PRODUCT_BUNDLE_IDENTIFIER = "no.hyper.Omnia-MacTests";
				PRODUCT_NAME = "$(TARGET_NAME)";
				SDKROOT = macosx;
			};
			name = Release;
		};
/* End XCBuildConfiguration section */

/* Begin XCConfigurationList section */
		D284B10D1F79038B00D94AF3 /* Build configuration list for PBXNativeTarget "Omnia-tvOS" */ = {
			isa = XCConfigurationList;
			buildConfigurations = (
				D284B10E1F79038B00D94AF3 /* Debug */,
				D284B10F1F79038B00D94AF3 /* Release */,
			);
			defaultConfigurationIsVisible = 0;
			defaultConfigurationName = Release;
		};
		D284B1101F79038B00D94AF3 /* Build configuration list for PBXNativeTarget "Omnia-tvOS-Tests" */ = {
			isa = XCConfigurationList;
			buildConfigurations = (
				D284B1111F79038B00D94AF3 /* Debug */,
				D284B1121F79038B00D94AF3 /* Release */,
			);
			defaultConfigurationIsVisible = 0;
			defaultConfigurationName = Release;
		};
		D284B11D1F79039F00D94AF3 /* Build configuration list for PBXNativeTarget "Omnia-watchOS" */ = {
			isa = XCConfigurationList;
			buildConfigurations = (
				D284B11E1F79039F00D94AF3 /* Debug */,
				D284B11F1F79039F00D94AF3 /* Release */,
			);
			defaultConfigurationIsVisible = 0;
			defaultConfigurationName = Release;
		};
		D5B2E8991C3A780C00C0327D /* Build configuration list for PBXProject "Omnia" */ = {
			isa = XCConfigurationList;
			buildConfigurations = (
				D5B2E8B11C3A780C00C0327D /* Debug */,
				D5B2E8B21C3A780C00C0327D /* Release */,
			);
			defaultConfigurationIsVisible = 0;
			defaultConfigurationName = Release;
		};
		D5B2E8B31C3A780C00C0327D /* Build configuration list for PBXNativeTarget "Omnia-iOS" */ = {
			isa = XCConfigurationList;
			buildConfigurations = (
				D5B2E8B41C3A780C00C0327D /* Debug */,
				D5B2E8B51C3A780C00C0327D /* Release */,
			);
			defaultConfigurationIsVisible = 0;
			defaultConfigurationName = Release;
		};
		D5B2E8B61C3A780C00C0327D /* Build configuration list for PBXNativeTarget "Omnia-iOS-Tests" */ = {
			isa = XCConfigurationList;
			buildConfigurations = (
				D5B2E8B71C3A780C00C0327D /* Debug */,
				D5B2E8B81C3A780C00C0327D /* Release */,
			);
			defaultConfigurationIsVisible = 0;
			defaultConfigurationName = Release;
		};
		D5C629511C3A7FAA007F7B7C /* Build configuration list for PBXNativeTarget "Omnia-macOS" */ = {
			isa = XCConfigurationList;
			buildConfigurations = (
				D5C629521C3A7FAA007F7B7C /* Debug */,
				D5C629531C3A7FAA007F7B7C /* Release */,
			);
			defaultConfigurationIsVisible = 0;
			defaultConfigurationName = Release;
		};
		D5C629541C3A7FAA007F7B7C /* Build configuration list for PBXNativeTarget "Omnia-macOS-Tests" */ = {
			isa = XCConfigurationList;
			buildConfigurations = (
				D5C629551C3A7FAA007F7B7C /* Debug */,
				D5C629561C3A7FAA007F7B7C /* Release */,
			);
			defaultConfigurationIsVisible = 0;
			defaultConfigurationName = Release;
		};
/* End XCConfigurationList section */
	};
	rootObject = D5B2E8961C3A780C00C0327D /* Project object */;
}
