// !$*UTF8*$!
{
	archiveVersion = 1;
	classes = {
	};
	objectVersion = 46;
	objects = {

/* Begin PBXBuildFile section */
		D29030D825F6C606005B6107 /* CGColor.swift in Sources */ = {isa = PBXBuildFile; fileRef = D29030D725F6C606005B6107 /* CGColor.swift */; };
		D2BCFF3425D7252C0042B928 /* Throttler.swift in Sources */ = {isa = PBXBuildFile; fileRef = D2BCFF3325D7252C0042B928 /* Throttler.swift */; };
		OBJ_100 /* NSColor.swift in Sources */ = {isa = PBXBuildFile; fileRef = OBJ_44 /* NSColor.swift */; };
		OBJ_101 /* NSImage.swift in Sources */ = {isa = PBXBuildFile; fileRef = OBJ_45 /* NSImage.swift */; };
		OBJ_102 /* NSTextView.swift in Sources */ = {isa = PBXBuildFile; fileRef = OBJ_46 /* NSTextView.swift */; };
		OBJ_103 /* NSView.swift in Sources */ = {isa = PBXBuildFile; fileRef = OBJ_47 /* NSView.swift */; };
		OBJ_104 /* tvOS.swift in Sources */ = {isa = PBXBuildFile; fileRef = OBJ_49 /* tvOS.swift */; };
		OBJ_105 /* watchOS.swift in Sources */ = {isa = PBXBuildFile; fileRef = OBJ_51 /* watchOS.swift */; };
		OBJ_112 /* Package.swift in Sources */ = {isa = PBXBuildFile; fileRef = OBJ_6 /* Package.swift */; };
		OBJ_67 /* Bundle.swift in Sources */ = {isa = PBXBuildFile; fileRef = OBJ_9 /* Bundle.swift */; };
		OBJ_68 /* Codable.swift in Sources */ = {isa = PBXBuildFile; fileRef = OBJ_10 /* Codable.swift */; };
		OBJ_69 /* Comparable.swift in Sources */ = {isa = PBXBuildFile; fileRef = OBJ_11 /* Comparable.swift */; };
		OBJ_70 /* Data.swift in Sources */ = {isa = PBXBuildFile; fileRef = OBJ_12 /* Data.swift */; };
		OBJ_71 /* Date.swift in Sources */ = {isa = PBXBuildFile; fileRef = OBJ_13 /* Date.swift */; };
		OBJ_72 /* Debouncer.swift in Sources */ = {isa = PBXBuildFile; fileRef = OBJ_14 /* Debouncer.swift */; };
		OBJ_73 /* Double.swift in Sources */ = {isa = PBXBuildFile; fileRef = OBJ_15 /* Double.swift */; };
		OBJ_74 /* Error.swift in Sources */ = {isa = PBXBuildFile; fileRef = OBJ_16 /* Error.swift */; };
		OBJ_75 /* Function.swift in Sources */ = {isa = PBXBuildFile; fileRef = OBJ_17 /* Function.swift */; };
		OBJ_76 /* JSON.swift in Sources */ = {isa = PBXBuildFile; fileRef = OBJ_18 /* JSON.swift */; };
		OBJ_77 /* NSObject.swift in Sources */ = {isa = PBXBuildFile; fileRef = OBJ_19 /* NSObject.swift */; };
		OBJ_78 /* Once.swift in Sources */ = {isa = PBXBuildFile; fileRef = OBJ_20 /* Once.swift */; };
		OBJ_79 /* Optional.swift in Sources */ = {isa = PBXBuildFile; fileRef = OBJ_21 /* Optional.swift */; };
		OBJ_80 /* Sequence.swift in Sources */ = {isa = PBXBuildFile; fileRef = OBJ_22 /* Sequence.swift */; };
		OBJ_81 /* Shared.swift in Sources */ = {isa = PBXBuildFile; fileRef = OBJ_23 /* Shared.swift */; };
		OBJ_82 /* String.swift in Sources */ = {isa = PBXBuildFile; fileRef = OBJ_24 /* String.swift */; };
		OBJ_83 /* Type.swift in Sources */ = {isa = PBXBuildFile; fileRef = OBJ_25 /* Type.swift */; };
		OBJ_84 /* NSLayoutConstraint.swift in Sources */ = {isa = PBXBuildFile; fileRef = OBJ_27 /* NSLayoutConstraint.swift */; };
		OBJ_85 /* UICollectionView.swift in Sources */ = {isa = PBXBuildFile; fileRef = OBJ_28 /* UICollectionView.swift */; };
		OBJ_86 /* UIColor.swift in Sources */ = {isa = PBXBuildFile; fileRef = OBJ_29 /* UIColor.swift */; };
		OBJ_87 /* UIFont.swift in Sources */ = {isa = PBXBuildFile; fileRef = OBJ_30 /* UIFont.swift */; };
		OBJ_88 /* UIImage.swift in Sources */ = {isa = PBXBuildFile; fileRef = OBJ_31 /* UIImage.swift */; };
		OBJ_89 /* UIScrollView.swift in Sources */ = {isa = PBXBuildFile; fileRef = OBJ_32 /* UIScrollView.swift */; };
		OBJ_90 /* UITableView.swift in Sources */ = {isa = PBXBuildFile; fileRef = OBJ_33 /* UITableView.swift */; };
		OBJ_91 /* UIView.swift in Sources */ = {isa = PBXBuildFile; fileRef = OBJ_34 /* UIView.swift */; };
		OBJ_92 /* UIViewController.swift in Sources */ = {isa = PBXBuildFile; fileRef = OBJ_35 /* UIViewController.swift */; };
		OBJ_93 /* ClickedCollectionView.swift in Sources */ = {isa = PBXBuildFile; fileRef = OBJ_37 /* ClickedCollectionView.swift */; };
		OBJ_94 /* CollectionViewHandler.swift in Sources */ = {isa = PBXBuildFile; fileRef = OBJ_38 /* CollectionViewHandler.swift */; };
		OBJ_95 /* CollectionViewSectionHandler.swift in Sources */ = {isa = PBXBuildFile; fileRef = OBJ_39 /* CollectionViewSectionHandler.swift */; };
		OBJ_96 /* MenuHandler.swift in Sources */ = {isa = PBXBuildFile; fileRef = OBJ_40 /* MenuHandler.swift */; };
		OBJ_97 /* NSButton.swift in Sources */ = {isa = PBXBuildFile; fileRef = OBJ_41 /* NSButton.swift */; };
		OBJ_98 /* NSCollectionView.swift in Sources */ = {isa = PBXBuildFile; fileRef = OBJ_42 /* NSCollectionView.swift */; };
		OBJ_99 /* NSCollectionViewItem.swift in Sources */ = {isa = PBXBuildFile; fileRef = OBJ_43 /* NSCollectionViewItem.swift */; };
/* End PBXBuildFile section */

/* Begin PBXFileReference section */
		D29030D725F6C606005B6107 /* CGColor.swift */ = {isa = PBXFileReference; lastKnownFileType = sourcecode.swift; path = CGColor.swift; sourceTree = "<group>"; };
		D2BCFF3325D7252C0042B928 /* Throttler.swift */ = {isa = PBXFileReference; lastKnownFileType = sourcecode.swift; path = Throttler.swift; sourceTree = "<group>"; };
		OBJ_10 /* Codable.swift */ = {isa = PBXFileReference; lastKnownFileType = sourcecode.swift; path = Codable.swift; sourceTree = "<group>"; };
		OBJ_11 /* Comparable.swift */ = {isa = PBXFileReference; lastKnownFileType = sourcecode.swift; path = Comparable.swift; sourceTree = "<group>"; };
		OBJ_12 /* Data.swift */ = {isa = PBXFileReference; lastKnownFileType = sourcecode.swift; path = Data.swift; sourceTree = "<group>"; };
		OBJ_13 /* Date.swift */ = {isa = PBXFileReference; lastKnownFileType = sourcecode.swift; path = Date.swift; sourceTree = "<group>"; };
		OBJ_14 /* Debouncer.swift */ = {isa = PBXFileReference; lastKnownFileType = sourcecode.swift; path = Debouncer.swift; sourceTree = "<group>"; };
		OBJ_15 /* Double.swift */ = {isa = PBXFileReference; lastKnownFileType = sourcecode.swift; path = Double.swift; sourceTree = "<group>"; };
		OBJ_16 /* Error.swift */ = {isa = PBXFileReference; lastKnownFileType = sourcecode.swift; path = Error.swift; sourceTree = "<group>"; };
		OBJ_17 /* Function.swift */ = {isa = PBXFileReference; lastKnownFileType = sourcecode.swift; path = Function.swift; sourceTree = "<group>"; };
		OBJ_18 /* JSON.swift */ = {isa = PBXFileReference; lastKnownFileType = sourcecode.swift; path = JSON.swift; sourceTree = "<group>"; };
		OBJ_19 /* NSObject.swift */ = {isa = PBXFileReference; lastKnownFileType = sourcecode.swift; path = NSObject.swift; sourceTree = "<group>"; };
		OBJ_20 /* Once.swift */ = {isa = PBXFileReference; lastKnownFileType = sourcecode.swift; path = Once.swift; sourceTree = "<group>"; };
		OBJ_21 /* Optional.swift */ = {isa = PBXFileReference; lastKnownFileType = sourcecode.swift; path = Optional.swift; sourceTree = "<group>"; };
		OBJ_22 /* Sequence.swift */ = {isa = PBXFileReference; lastKnownFileType = sourcecode.swift; path = Sequence.swift; sourceTree = "<group>"; };
		OBJ_23 /* Shared.swift */ = {isa = PBXFileReference; lastKnownFileType = sourcecode.swift; path = Shared.swift; sourceTree = "<group>"; };
		OBJ_24 /* String.swift */ = {isa = PBXFileReference; lastKnownFileType = sourcecode.swift; path = String.swift; sourceTree = "<group>"; };
		OBJ_25 /* Type.swift */ = {isa = PBXFileReference; lastKnownFileType = sourcecode.swift; path = Type.swift; sourceTree = "<group>"; };
		OBJ_27 /* NSLayoutConstraint.swift */ = {isa = PBXFileReference; lastKnownFileType = sourcecode.swift; path = NSLayoutConstraint.swift; sourceTree = "<group>"; };
		OBJ_28 /* UICollectionView.swift */ = {isa = PBXFileReference; lastKnownFileType = sourcecode.swift; path = UICollectionView.swift; sourceTree = "<group>"; };
		OBJ_29 /* UIColor.swift */ = {isa = PBXFileReference; lastKnownFileType = sourcecode.swift; path = UIColor.swift; sourceTree = "<group>"; };
		OBJ_30 /* UIFont.swift */ = {isa = PBXFileReference; lastKnownFileType = sourcecode.swift; path = UIFont.swift; sourceTree = "<group>"; };
		OBJ_31 /* UIImage.swift */ = {isa = PBXFileReference; lastKnownFileType = sourcecode.swift; path = UIImage.swift; sourceTree = "<group>"; };
		OBJ_32 /* UIScrollView.swift */ = {isa = PBXFileReference; lastKnownFileType = sourcecode.swift; path = UIScrollView.swift; sourceTree = "<group>"; };
		OBJ_33 /* UITableView.swift */ = {isa = PBXFileReference; lastKnownFileType = sourcecode.swift; path = UITableView.swift; sourceTree = "<group>"; };
		OBJ_34 /* UIView.swift */ = {isa = PBXFileReference; lastKnownFileType = sourcecode.swift; path = UIView.swift; sourceTree = "<group>"; };
		OBJ_35 /* UIViewController.swift */ = {isa = PBXFileReference; lastKnownFileType = sourcecode.swift; path = UIViewController.swift; sourceTree = "<group>"; };
		OBJ_37 /* ClickedCollectionView.swift */ = {isa = PBXFileReference; lastKnownFileType = sourcecode.swift; path = ClickedCollectionView.swift; sourceTree = "<group>"; };
		OBJ_38 /* CollectionViewHandler.swift */ = {isa = PBXFileReference; lastKnownFileType = sourcecode.swift; path = CollectionViewHandler.swift; sourceTree = "<group>"; };
		OBJ_39 /* CollectionViewSectionHandler.swift */ = {isa = PBXFileReference; lastKnownFileType = sourcecode.swift; path = CollectionViewSectionHandler.swift; sourceTree = "<group>"; };
		OBJ_40 /* MenuHandler.swift */ = {isa = PBXFileReference; lastKnownFileType = sourcecode.swift; path = MenuHandler.swift; sourceTree = "<group>"; };
		OBJ_41 /* NSButton.swift */ = {isa = PBXFileReference; lastKnownFileType = sourcecode.swift; path = NSButton.swift; sourceTree = "<group>"; };
		OBJ_42 /* NSCollectionView.swift */ = {isa = PBXFileReference; lastKnownFileType = sourcecode.swift; path = NSCollectionView.swift; sourceTree = "<group>"; };
		OBJ_43 /* NSCollectionViewItem.swift */ = {isa = PBXFileReference; lastKnownFileType = sourcecode.swift; path = NSCollectionViewItem.swift; sourceTree = "<group>"; };
		OBJ_44 /* NSColor.swift */ = {isa = PBXFileReference; lastKnownFileType = sourcecode.swift; path = NSColor.swift; sourceTree = "<group>"; };
		OBJ_45 /* NSImage.swift */ = {isa = PBXFileReference; lastKnownFileType = sourcecode.swift; path = NSImage.swift; sourceTree = "<group>"; };
		OBJ_46 /* NSTextView.swift */ = {isa = PBXFileReference; lastKnownFileType = sourcecode.swift; path = NSTextView.swift; sourceTree = "<group>"; };
		OBJ_47 /* NSView.swift */ = {isa = PBXFileReference; lastKnownFileType = sourcecode.swift; path = NSView.swift; sourceTree = "<group>"; };
		OBJ_49 /* tvOS.swift */ = {isa = PBXFileReference; lastKnownFileType = sourcecode.swift; path = tvOS.swift; sourceTree = "<group>"; };
		OBJ_51 /* watchOS.swift */ = {isa = PBXFileReference; lastKnownFileType = sourcecode.swift; path = watchOS.swift; sourceTree = "<group>"; };
		OBJ_55 /* Screenshots */ = {isa = PBXFileReference; lastKnownFileType = folder; path = Screenshots; sourceTree = SOURCE_ROOT; };
		OBJ_56 /* docs */ = {isa = PBXFileReference; lastKnownFileType = folder; path = docs; sourceTree = SOURCE_ROOT; };
		OBJ_57 /* build */ = {isa = PBXFileReference; lastKnownFileType = folder; path = build; sourceTree = SOURCE_ROOT; };
		OBJ_58 /* DerivedData */ = {isa = PBXFileReference; lastKnownFileType = folder; path = DerivedData; sourceTree = SOURCE_ROOT; };
		OBJ_59 /* LICENSE.md */ = {isa = PBXFileReference; lastKnownFileType = net.daringfireball.markdown; path = LICENSE.md; sourceTree = "<group>"; };
		OBJ_6 /* Package.swift */ = {isa = PBXFileReference; explicitFileType = sourcecode.swift; path = Package.swift; sourceTree = "<group>"; };
		OBJ_60 /* README.md */ = {isa = PBXFileReference; lastKnownFileType = net.daringfireball.markdown; path = README.md; sourceTree = "<group>"; };
		OBJ_61 /* CONTRIBUTING.md */ = {isa = PBXFileReference; lastKnownFileType = net.daringfireball.markdown; path = CONTRIBUTING.md; sourceTree = "<group>"; };
		OBJ_9 /* Bundle.swift */ = {isa = PBXFileReference; lastKnownFileType = sourcecode.swift; path = Bundle.swift; sourceTree = "<group>"; };
		"Omnia::Omnia::Product" /* Omnia.framework */ = {isa = PBXFileReference; lastKnownFileType = wrapper.framework; path = Omnia.framework; sourceTree = BUILT_PRODUCTS_DIR; };
/* End PBXFileReference section */

/* Begin PBXFrameworksBuildPhase section */
		OBJ_106 /* Frameworks */ = {
			isa = PBXFrameworksBuildPhase;
			buildActionMask = 0;
			files = (
			);
			runOnlyForDeploymentPostprocessing = 0;
		};
/* End PBXFrameworksBuildPhase section */

/* Begin PBXGroup section */
		OBJ_26 /* iOS */ = {
			isa = PBXGroup;
			children = (
				OBJ_27 /* NSLayoutConstraint.swift */,
				OBJ_28 /* UICollectionView.swift */,
				OBJ_29 /* UIColor.swift */,
				OBJ_30 /* UIFont.swift */,
				OBJ_31 /* UIImage.swift */,
				OBJ_32 /* UIScrollView.swift */,
				OBJ_33 /* UITableView.swift */,
				OBJ_34 /* UIView.swift */,
				OBJ_35 /* UIViewController.swift */,
			);
			path = iOS;
			sourceTree = "<group>";
		};
		OBJ_36 /* macOS */ = {
			isa = PBXGroup;
			children = (
				OBJ_37 /* ClickedCollectionView.swift */,
				OBJ_38 /* CollectionViewHandler.swift */,
				OBJ_39 /* CollectionViewSectionHandler.swift */,
				OBJ_40 /* MenuHandler.swift */,
				OBJ_41 /* NSButton.swift */,
				OBJ_42 /* NSCollectionView.swift */,
				OBJ_43 /* NSCollectionViewItem.swift */,
				OBJ_44 /* NSColor.swift */,
				OBJ_45 /* NSImage.swift */,
				OBJ_46 /* NSTextView.swift */,
				OBJ_47 /* NSView.swift */,
			);
			path = macOS;
			sourceTree = "<group>";
		};
		OBJ_48 /* tvOS */ = {
			isa = PBXGroup;
			children = (
				OBJ_49 /* tvOS.swift */,
			);
			path = tvOS;
			sourceTree = "<group>";
		};
		OBJ_5 = {
			isa = PBXGroup;
			children = (
				OBJ_6 /* Package.swift */,
				OBJ_7 /* Sources */,
				OBJ_52 /* Tests */,
				OBJ_53 /* Products */,
				OBJ_55 /* Screenshots */,
				OBJ_56 /* docs */,
				OBJ_57 /* build */,
				OBJ_58 /* DerivedData */,
				OBJ_59 /* LICENSE.md */,
				OBJ_60 /* README.md */,
				OBJ_61 /* CONTRIBUTING.md */,
			);
			sourceTree = "<group>";
		};
		OBJ_50 /* watchOS */ = {
			isa = PBXGroup;
			children = (
				OBJ_51 /* watchOS.swift */,
			);
			path = watchOS;
			sourceTree = "<group>";
		};
		OBJ_52 /* Tests */ = {
			isa = PBXGroup;
			children = (
			);
			name = Tests;
			sourceTree = SOURCE_ROOT;
		};
		OBJ_53 /* Products */ = {
			isa = PBXGroup;
			children = (
				"Omnia::Omnia::Product" /* Omnia.framework */,
			);
			name = Products;
			sourceTree = BUILT_PRODUCTS_DIR;
		};
		OBJ_7 /* Sources */ = {
			isa = PBXGroup;
			children = (
				OBJ_8 /* Shared */,
				OBJ_26 /* iOS */,
				OBJ_36 /* macOS */,
				OBJ_48 /* tvOS */,
				OBJ_50 /* watchOS */,
			);
			path = Sources;
			sourceTree = SOURCE_ROOT;
		};
		OBJ_8 /* Shared */ = {
			isa = PBXGroup;
			children = (
				OBJ_9 /* Bundle.swift */,
				OBJ_10 /* Codable.swift */,
				OBJ_11 /* Comparable.swift */,
				OBJ_12 /* Data.swift */,
				OBJ_13 /* Date.swift */,
				OBJ_14 /* Debouncer.swift */,
				OBJ_15 /* Double.swift */,
				OBJ_16 /* Error.swift */,
				OBJ_17 /* Function.swift */,
				OBJ_18 /* JSON.swift */,
				OBJ_19 /* NSObject.swift */,
				OBJ_20 /* Once.swift */,
				OBJ_21 /* Optional.swift */,
				OBJ_22 /* Sequence.swift */,
				OBJ_23 /* Shared.swift */,
				OBJ_24 /* String.swift */,
				OBJ_25 /* Type.swift */,
				D2BCFF3325D7252C0042B928 /* Throttler.swift */,
				D29030D725F6C606005B6107 /* CGColor.swift */,
			);
			path = Shared;
			sourceTree = "<group>";
		};
/* End PBXGroup section */

/* Begin PBXNativeTarget section */
		"Omnia::Omnia" /* Omnia */ = {
			isa = PBXNativeTarget;
			buildConfigurationList = OBJ_63 /* Build configuration list for PBXNativeTarget "Omnia" */;
			buildPhases = (
				OBJ_66 /* Sources */,
				OBJ_106 /* Frameworks */,
			);
			buildRules = (
			);
			dependencies = (
			);
			name = Omnia;
			productName = Omnia;
			productReference = "Omnia::Omnia::Product" /* Omnia.framework */;
			productType = "com.apple.product-type.framework";
		};
		"Omnia::SwiftPMPackageDescription" /* OmniaPackageDescription */ = {
			isa = PBXNativeTarget;
			buildConfigurationList = OBJ_108 /* Build configuration list for PBXNativeTarget "OmniaPackageDescription" */;
			buildPhases = (
				OBJ_111 /* Sources */,
			);
			buildRules = (
			);
			dependencies = (
			);
			name = OmniaPackageDescription;
			productName = OmniaPackageDescription;
			productType = "com.apple.product-type.framework";
		};
/* End PBXNativeTarget section */

/* Begin PBXProject section */
		OBJ_1 /* Project object */ = {
			isa = PBXProject;
			attributes = {
				LastSwiftMigration = 9999;
				LastUpgradeCheck = 9999;
			};
			buildConfigurationList = OBJ_2 /* Build configuration list for PBXProject "Omnia" */;
			compatibilityVersion = "Xcode 3.2";
			developmentRegion = en;
			hasScannedForEncodings = 0;
			knownRegions = (
				en,
			);
			mainGroup = OBJ_5;
			productRefGroup = OBJ_53 /* Products */;
			projectDirPath = "";
			projectRoot = "";
			targets = (
				"Omnia::Omnia" /* Omnia */,
				"Omnia::SwiftPMPackageDescription" /* OmniaPackageDescription */,
			);
		};
/* End PBXProject section */

/* Begin PBXSourcesBuildPhase section */
		OBJ_111 /* Sources */ = {
			isa = PBXSourcesBuildPhase;
			buildActionMask = 0;
			files = (
				OBJ_112 /* Package.swift in Sources */,
			);
			runOnlyForDeploymentPostprocessing = 0;
		};
		OBJ_66 /* Sources */ = {
			isa = PBXSourcesBuildPhase;
			buildActionMask = 0;
			files = (
				OBJ_67 /* Bundle.swift in Sources */,
				OBJ_68 /* Codable.swift in Sources */,
				OBJ_69 /* Comparable.swift in Sources */,
				OBJ_70 /* Data.swift in Sources */,
				OBJ_71 /* Date.swift in Sources */,
				OBJ_72 /* Debouncer.swift in Sources */,
				OBJ_73 /* Double.swift in Sources */,
				OBJ_74 /* Error.swift in Sources */,
				OBJ_75 /* Function.swift in Sources */,
				OBJ_76 /* JSON.swift in Sources */,
				OBJ_77 /* NSObject.swift in Sources */,
				OBJ_78 /* Once.swift in Sources */,
				OBJ_79 /* Optional.swift in Sources */,
				OBJ_80 /* Sequence.swift in Sources */,
				OBJ_81 /* Shared.swift in Sources */,
				OBJ_82 /* String.swift in Sources */,
				OBJ_83 /* Type.swift in Sources */,
				OBJ_84 /* NSLayoutConstraint.swift in Sources */,
				OBJ_85 /* UICollectionView.swift in Sources */,
				OBJ_86 /* UIColor.swift in Sources */,
				OBJ_87 /* UIFont.swift in Sources */,
				OBJ_88 /* UIImage.swift in Sources */,
				OBJ_89 /* UIScrollView.swift in Sources */,
				OBJ_90 /* UITableView.swift in Sources */,
				OBJ_91 /* UIView.swift in Sources */,
				D29030D825F6C606005B6107 /* CGColor.swift in Sources */,
				OBJ_92 /* UIViewController.swift in Sources */,
				D2BCFF3425D7252C0042B928 /* Throttler.swift in Sources */,
				OBJ_93 /* ClickedCollectionView.swift in Sources */,
				OBJ_94 /* CollectionViewHandler.swift in Sources */,
				OBJ_95 /* CollectionViewSectionHandler.swift in Sources */,
				OBJ_96 /* MenuHandler.swift in Sources */,
				OBJ_97 /* NSButton.swift in Sources */,
				OBJ_98 /* NSCollectionView.swift in Sources */,
				OBJ_99 /* NSCollectionViewItem.swift in Sources */,
				OBJ_100 /* NSColor.swift in Sources */,
				OBJ_101 /* NSImage.swift in Sources */,
				OBJ_102 /* NSTextView.swift in Sources */,
				OBJ_103 /* NSView.swift in Sources */,
				OBJ_104 /* tvOS.swift in Sources */,
				OBJ_105 /* watchOS.swift in Sources */,
			);
			runOnlyForDeploymentPostprocessing = 0;
		};
/* End PBXSourcesBuildPhase section */

/* Begin XCBuildConfiguration section */
		OBJ_109 /* Debug */ = {
			isa = XCBuildConfiguration;
			buildSettings = {
				LD = /usr/bin/true;
				OTHER_SWIFT_FLAGS = "-swift-version 5 -I $(TOOLCHAIN_DIR)/usr/lib/swift/pm/4_2 -target x86_64-apple-macosx10.10 -sdk /Applications/Xcode.app/Contents/Developer/Platforms/MacOSX.platform/Developer/SDKs/MacOSX10.15.sdk -package-description-version 5.1";
				SWIFT_VERSION = 5.0;
			};
			name = Debug;
		};
		OBJ_110 /* Release */ = {
			isa = XCBuildConfiguration;
			buildSettings = {
				LD = /usr/bin/true;
				OTHER_SWIFT_FLAGS = "-swift-version 5 -I $(TOOLCHAIN_DIR)/usr/lib/swift/pm/4_2 -target x86_64-apple-macosx10.10 -sdk /Applications/Xcode.app/Contents/Developer/Platforms/MacOSX.platform/Developer/SDKs/MacOSX10.15.sdk -package-description-version 5.1";
				SWIFT_VERSION = 5.0;
			};
			name = Release;
		};
		OBJ_3 /* Debug */ = {
			isa = XCBuildConfiguration;
			buildSettings = {
				CLANG_ENABLE_OBJC_ARC = YES;
				COMBINE_HIDPI_IMAGES = YES;
				COPY_PHASE_STRIP = NO;
				DEBUG_INFORMATION_FORMAT = dwarf;
				DYLIB_INSTALL_NAME_BASE = "@rpath";
				ENABLE_NS_ASSERTIONS = YES;
				GCC_OPTIMIZATION_LEVEL = 0;
				GCC_PREPROCESSOR_DEFINITIONS = (
					"$(inherited)",
					"SWIFT_PACKAGE=1",
					"DEBUG=1",
				);
				MACOSX_DEPLOYMENT_TARGET = 10.10;
				ONLY_ACTIVE_ARCH = YES;
				OTHER_SWIFT_FLAGS = "$(inherited) -DXcode";
				PRODUCT_NAME = "$(TARGET_NAME)";
				SDKROOT = macosx;
				SUPPORTED_PLATFORMS = "macosx iphoneos iphonesimulator appletvos appletvsimulator watchos watchsimulator";
				SWIFT_ACTIVE_COMPILATION_CONDITIONS = "$(inherited) SWIFT_PACKAGE DEBUG";
				SWIFT_OPTIMIZATION_LEVEL = "-Onone";
				USE_HEADERMAP = NO;
			};
			name = Debug;
		};
		OBJ_4 /* Release */ = {
			isa = XCBuildConfiguration;
			buildSettings = {
				CLANG_ENABLE_OBJC_ARC = YES;
				COMBINE_HIDPI_IMAGES = YES;
				COPY_PHASE_STRIP = YES;
				DEBUG_INFORMATION_FORMAT = "dwarf-with-dsym";
				DYLIB_INSTALL_NAME_BASE = "@rpath";
				GCC_OPTIMIZATION_LEVEL = s;
				GCC_PREPROCESSOR_DEFINITIONS = (
					"$(inherited)",
					"SWIFT_PACKAGE=1",
				);
				MACOSX_DEPLOYMENT_TARGET = 10.10;
				OTHER_SWIFT_FLAGS = "$(inherited) -DXcode";
				PRODUCT_NAME = "$(TARGET_NAME)";
				SDKROOT = macosx;
				SUPPORTED_PLATFORMS = "macosx iphoneos iphonesimulator appletvos appletvsimulator watchos watchsimulator";
				SWIFT_ACTIVE_COMPILATION_CONDITIONS = "$(inherited) SWIFT_PACKAGE";
				SWIFT_OPTIMIZATION_LEVEL = "-Owholemodule";
				USE_HEADERMAP = NO;
			};
			name = Release;
		};
		OBJ_64 /* Debug */ = {
			isa = XCBuildConfiguration;
			buildSettings = {
				ENABLE_TESTABILITY = YES;
				FRAMEWORK_SEARCH_PATHS = (
					"$(inherited)",
					"$(PLATFORM_DIR)/Developer/Library/Frameworks",
				);
				HEADER_SEARCH_PATHS = "$(inherited)";
				INFOPLIST_FILE = Omnia.xcodeproj/Omnia_Info.plist;
				IPHONEOS_DEPLOYMENT_TARGET = 13.0;
				LD_RUNPATH_SEARCH_PATHS = "$(inherited) $(TOOLCHAIN_DIR)/usr/lib/swift/macosx";
				MACOSX_DEPLOYMENT_TARGET = 10.13;
				OTHER_CFLAGS = "$(inherited)";
				OTHER_LDFLAGS = "$(inherited)";
				OTHER_SWIFT_FLAGS = "$(inherited)";
				PRODUCT_BUNDLE_IDENTIFIER = Omnia;
				PRODUCT_MODULE_NAME = "$(TARGET_NAME:c99extidentifier)";
				PRODUCT_NAME = "$(TARGET_NAME:c99extidentifier)";
				SKIP_INSTALL = YES;
				SWIFT_ACTIVE_COMPILATION_CONDITIONS = "$(inherited)";
				SWIFT_VERSION = 5.0;
				TARGET_NAME = Omnia;
				TVOS_DEPLOYMENT_TARGET = 13.0;
				WATCHOS_DEPLOYMENT_TARGET = 6.0;
			};
			name = Debug;
		};
		OBJ_65 /* Release */ = {
			isa = XCBuildConfiguration;
			buildSettings = {
				ENABLE_TESTABILITY = YES;
				FRAMEWORK_SEARCH_PATHS = (
					"$(inherited)",
					"$(PLATFORM_DIR)/Developer/Library/Frameworks",
				);
				HEADER_SEARCH_PATHS = "$(inherited)";
				INFOPLIST_FILE = Omnia.xcodeproj/Omnia_Info.plist;
				IPHONEOS_DEPLOYMENT_TARGET = 13.0;
				LD_RUNPATH_SEARCH_PATHS = "$(inherited) $(TOOLCHAIN_DIR)/usr/lib/swift/macosx";
				MACOSX_DEPLOYMENT_TARGET = 10.13;
				OTHER_CFLAGS = "$(inherited)";
				OTHER_LDFLAGS = "$(inherited)";
				OTHER_SWIFT_FLAGS = "$(inherited)";
				PRODUCT_BUNDLE_IDENTIFIER = Omnia;
				PRODUCT_MODULE_NAME = "$(TARGET_NAME:c99extidentifier)";
				PRODUCT_NAME = "$(TARGET_NAME:c99extidentifier)";
				SKIP_INSTALL = YES;
				SWIFT_ACTIVE_COMPILATION_CONDITIONS = "$(inherited)";
				SWIFT_VERSION = 5.0;
				TARGET_NAME = Omnia;
				TVOS_DEPLOYMENT_TARGET = 13.0;
				WATCHOS_DEPLOYMENT_TARGET = 6.0;
			};
			name = Release;
		};
/* End XCBuildConfiguration section */

/* Begin XCConfigurationList section */
		OBJ_108 /* Build configuration list for PBXNativeTarget "OmniaPackageDescription" */ = {
			isa = XCConfigurationList;
			buildConfigurations = (
				OBJ_109 /* Debug */,
				OBJ_110 /* Release */,
			);
			defaultConfigurationIsVisible = 0;
			defaultConfigurationName = Release;
		};
		OBJ_2 /* Build configuration list for PBXProject "Omnia" */ = {
			isa = XCConfigurationList;
			buildConfigurations = (
				OBJ_3 /* Debug */,
				OBJ_4 /* Release */,
			);
			defaultConfigurationIsVisible = 0;
			defaultConfigurationName = Release;
		};
		OBJ_63 /* Build configuration list for PBXNativeTarget "Omnia" */ = {
			isa = XCConfigurationList;
			buildConfigurations = (
				OBJ_64 /* Debug */,
				OBJ_65 /* Release */,
			);
			defaultConfigurationIsVisible = 0;
			defaultConfigurationName = Release;
		};
/* End XCConfigurationList section */
	};
	rootObject = OBJ_1 /* Project object */;
}
